PODS:
  - Kiwi/ARC (2.2.4)
  - Kiwi/NonARC (2.2.4)
  - Kiwi/XCTest (2.2.4):
    - Kiwi/ARC
    - Kiwi/NonARC
  - M13ProgressSuite (1.2.1)

DEPENDENCIES:
  - Kiwi/XCTest
  - M13ProgressSuite

SPEC CHECKSUMS:
  Kiwi: d60d7498b640a16f58b01925fc3c8d7c4d809f66
  M13ProgressSuite: 6d3d1ba0965a733c88e4840efea64e140f7e3b60

COCOAPODS: 0.32.1
