<?xml version="1.0" encoding="UTF-8"?>
<!DOCTYPE plist PUBLIC "-//Apple//DTD PLIST 1.0//EN" "http://www.apple.com/DTDs/PropertyList-1.0.dtd">
<plist version="1.0">
<dict>
	<key>archiveVersion</key>
	<string>1</string>
	<key>classes</key>
	<dict/>
	<key>objectVersion</key>
	<string>46</string>
	<key>objects</key>
	<dict>
		<key>0CDD15D7969E4284A5D6108B</key>
		<dict>
			<key>buildActionMask</key>
			<string>2147483647</string>
			<key>files</key>
			<array/>
			<key>inputPaths</key>
			<array/>
			<key>isa</key>
			<string>PBXShellScriptBuildPhase</string>
			<key>name</key>
			<string>Check Pods Manifest.lock</string>
			<key>outputPaths</key>
			<array/>
			<key>runOnlyForDeploymentPostprocessing</key>
			<string>0</string>
			<key>shellPath</key>
			<string>/bin/sh</string>
			<key>shellScript</key>
			<string>diff "${PODS_ROOT}/../Podfile.lock" "${PODS_ROOT}/Manifest.lock" &gt; /dev/null
if [[ $? != 0 ]] ; then
    cat &lt;&lt; EOM
error: The sandbox is not in sync with the Podfile.lock. Run 'pod install' or update your CocoaPods installation.
EOM
    exit 1
fi
</string>
			<key>showEnvVarsInLog</key>
			<string>0</string>
		</dict>
		<key>2443DC4918D662CA00C920C1</key>
		<dict>
			<key>children</key>
			<array>
				<string>2443DC5D18D662CA00C920C1</string>
				<string>F4232F03190760EB005DA131</string>
				<string>2443DC5418D662CA00C920C1</string>
				<string>2443DC5318D662CA00C920C1</string>
				<string>7FBE37E2B8D648218ADFA8B2</string>
				<string>27CC3A21D3A942F28A320D79</string>
			</array>
			<key>isa</key>
			<string>PBXGroup</string>
			<key>sourceTree</key>
			<string>&lt;group&gt;</string>
		</dict>
		<key>2443DC4A18D662CA00C920C1</key>
		<dict>
			<key>attributes</key>
			<dict>
				<key>CLASSPREFIX</key>
				<string>M2</string>
				<key>LastUpgradeCheck</key>
				<string>0510</string>
				<key>ORGANIZATIONNAME</key>
				<string>Danqing</string>
				<key>TargetAttributes</key>
				<dict>
					<key>2443DC5118D662CA00C920C1</key>
					<dict>
						<key>DevelopmentTeam</key>
						<string>52RD2GH5DP</string>
					</dict>
					<key>F4232EFE190760EB005DA131</key>
					<dict>
						<key>TestTargetID</key>
						<string>2443DC5118D662CA00C920C1</string>
					</dict>
				</dict>
			</dict>
			<key>buildConfigurationList</key>
			<string>2443DC4D18D662CA00C920C1</string>
			<key>compatibilityVersion</key>
			<string>Xcode 3.2</string>
			<key>developmentRegion</key>
			<string>English</string>
			<key>hasScannedForEncodings</key>
			<string>0</string>
			<key>isa</key>
			<string>PBXProject</string>
			<key>knownRegions</key>
			<array>
				<string>en</string>
				<string>Base</string>
			</array>
			<key>mainGroup</key>
			<string>2443DC4918D662CA00C920C1</string>
			<key>productRefGroup</key>
			<string>2443DC5318D662CA00C920C1</string>
			<key>projectDirPath</key>
			<string></string>
			<key>projectReferences</key>
			<array/>
			<key>projectRoot</key>
			<string></string>
			<key>targets</key>
			<array>
				<string>2443DC5118D662CA00C920C1</string>
				<string>F4232EFE190760EB005DA131</string>
			</array>
		</dict>
		<key>2443DC4D18D662CA00C920C1</key>
		<dict>
			<key>buildConfigurations</key>
			<array>
				<string>2443DC8918D662CA00C920C1</string>
				<string>2443DC8A18D662CA00C920C1</string>
			</array>
			<key>defaultConfigurationIsVisible</key>
			<string>0</string>
			<key>defaultConfigurationName</key>
			<string>Release</string>
			<key>isa</key>
			<string>XCConfigurationList</string>
		</dict>
		<key>2443DC4E18D662CA00C920C1</key>
		<dict>
			<key>buildActionMask</key>
			<string>2147483647</string>
			<key>files</key>
			<array>
				<string>2443DCA618D66CCC00C920C1</string>
				<string>2443DC6418D662CA00C920C1</string>
				<string>24C4515B18D6DC4A0001FCFD</string>
				<string>F43A7A50191F52BD00FFE8D8</string>
				<string>24C4516818DD64A90001FCFD</string>
				<string>2443DC9A18D663FC00C920C1</string>
				<string>24C4515E18D6DC740001FCFD</string>
				<string>24C4518118E265390001FCFD</string>
				<string>F4A20F0619030C690044F9B7</string>
				<string>2443DCAF18D6C18400C920C1</string>
				<string>2443DCA018D6647000C920C1</string>
				<string>24C4517018DFF10B0001FCFD</string>
				<string>F4A20F031903084D0044F9B7</string>
				<string>2443DCA318D6649500C920C1</string>
				<string>F4112AA819176C49005ABE4D</string>
				<string>24C4517318E140AE0001FCFD</string>
				<string>24C4516418DABABE0001FCFD</string>
				<string>F466E2191910C95F0066BCA4</string>
				<string>2443DC6818D662CA00C920C1</string>
				<string>2443DC9B18D663FC00C920C1</string>
			</array>
			<key>isa</key>
			<string>PBXSourcesBuildPhase</string>
			<key>runOnlyForDeploymentPostprocessing</key>
			<string>0</string>
		</dict>
		<key>2443DC4F18D662CA00C920C1</key>
		<dict>
			<key>buildActionMask</key>
			<string>2147483647</string>
			<key>files</key>
			<array>
				<string>2443DC5818D662CA00C920C1</string>
				<string>2443DC5A18D662CA00C920C1</string>
				<string>2443DC5C18D662CA00C920C1</string>
				<string>2443DC5618D662CA00C920C1</string>
				<string>EFD6ACD095BC4413906543A7</string>
			</array>
			<key>isa</key>
			<string>PBXFrameworksBuildPhase</string>
			<key>runOnlyForDeploymentPostprocessing</key>
			<string>0</string>
		</dict>
		<key>2443DC5018D662CA00C920C1</key>
		<dict>
			<key>buildActionMask</key>
			<string>2147483647</string>
			<key>files</key>
			<array>
				<string>2443DC6218D662CA00C920C1</string>
				<string>2443DC7518D662CA00C920C1</string>
				<string>2443DC6B18D662CA00C920C1</string>
			</array>
			<key>isa</key>
			<string>PBXResourcesBuildPhase</string>
			<key>runOnlyForDeploymentPostprocessing</key>
			<string>0</string>
		</dict>
		<key>2443DC5118D662CA00C920C1</key>
		<dict>
			<key>buildConfigurationList</key>
			<string>2443DC8B18D662CA00C920C1</string>
			<key>buildPhases</key>
			<array>
				<string>0CDD15D7969E4284A5D6108B</string>
				<string>2443DC4E18D662CA00C920C1</string>
				<string>2443DC4F18D662CA00C920C1</string>
				<string>2443DC5018D662CA00C920C1</string>
				<string>E67A64BE5D7D42C7AC3AB2D7</string>
			</array>
			<key>buildRules</key>
			<array/>
			<key>dependencies</key>
			<array/>
			<key>isa</key>
			<string>PBXNativeTarget</string>
			<key>name</key>
			<string>m2048</string>
			<key>productName</key>
			<string>m2048</string>
			<key>productReference</key>
			<string>2443DC5218D662CA00C920C1</string>
			<key>productType</key>
			<string>com.apple.product-type.application</string>
		</dict>
		<key>2443DC5218D662CA00C920C1</key>
		<dict>
			<key>explicitFileType</key>
			<string>wrapper.application</string>
			<key>includeInIndex</key>
			<string>0</string>
			<key>isa</key>
			<string>PBXFileReference</string>
			<key>path</key>
			<string>m2048.app</string>
			<key>sourceTree</key>
			<string>BUILT_PRODUCTS_DIR</string>
		</dict>
		<key>2443DC5318D662CA00C920C1</key>
		<dict>
			<key>children</key>
			<array>
				<string>2443DC5218D662CA00C920C1</string>
				<string>F4232EFF190760EB005DA131</string>
			</array>
			<key>isa</key>
			<string>PBXGroup</string>
			<key>name</key>
			<string>Products</string>
			<key>sourceTree</key>
			<string>&lt;group&gt;</string>
		</dict>
		<key>2443DC5418D662CA00C920C1</key>
		<dict>
			<key>children</key>
			<array>
				<string>2443DC5518D662CA00C920C1</string>
				<string>2443DC5718D662CA00C920C1</string>
				<string>2443DC5918D662CA00C920C1</string>
				<string>2443DC5B18D662CA00C920C1</string>
				<string>2443DC7B18D662CA00C920C1</string>
				<string>9D21F00392BA44528B608E73</string>
				<string>B246E262E47B40F28BF82FCB</string>
			</array>
			<key>isa</key>
			<string>PBXGroup</string>
			<key>name</key>
			<string>Frameworks</string>
			<key>sourceTree</key>
			<string>&lt;group&gt;</string>
		</dict>
		<key>2443DC5518D662CA00C920C1</key>
		<dict>
			<key>isa</key>
			<string>PBXFileReference</string>
			<key>lastKnownFileType</key>
			<string>wrapper.framework</string>
			<key>name</key>
			<string>Foundation.framework</string>
			<key>path</key>
			<string>System/Library/Frameworks/Foundation.framework</string>
			<key>sourceTree</key>
			<string>SDKROOT</string>
		</dict>
		<key>2443DC5618D662CA00C920C1</key>
		<dict>
			<key>fileRef</key>
			<string>2443DC5518D662CA00C920C1</string>
			<key>isa</key>
			<string>PBXBuildFile</string>
		</dict>
		<key>2443DC5718D662CA00C920C1</key>
		<dict>
			<key>isa</key>
			<string>PBXFileReference</string>
			<key>lastKnownFileType</key>
			<string>wrapper.framework</string>
			<key>name</key>
			<string>CoreGraphics.framework</string>
			<key>path</key>
			<string>System/Library/Frameworks/CoreGraphics.framework</string>
			<key>sourceTree</key>
			<string>SDKROOT</string>
		</dict>
		<key>2443DC5818D662CA00C920C1</key>
		<dict>
			<key>fileRef</key>
			<string>2443DC5718D662CA00C920C1</string>
			<key>isa</key>
			<string>PBXBuildFile</string>
		</dict>
		<key>2443DC5918D662CA00C920C1</key>
		<dict>
			<key>isa</key>
			<string>PBXFileReference</string>
			<key>lastKnownFileType</key>
			<string>wrapper.framework</string>
			<key>name</key>
			<string>UIKit.framework</string>
			<key>path</key>
			<string>System/Library/Frameworks/UIKit.framework</string>
			<key>sourceTree</key>
			<string>SDKROOT</string>
		</dict>
		<key>2443DC5A18D662CA00C920C1</key>
		<dict>
			<key>fileRef</key>
			<string>2443DC5918D662CA00C920C1</string>
			<key>isa</key>
			<string>PBXBuildFile</string>
		</dict>
		<key>2443DC5B18D662CA00C920C1</key>
		<dict>
			<key>isa</key>
			<string>PBXFileReference</string>
			<key>lastKnownFileType</key>
			<string>wrapper.framework</string>
			<key>name</key>
			<string>SpriteKit.framework</string>
			<key>path</key>
			<string>System/Library/Frameworks/SpriteKit.framework</string>
			<key>sourceTree</key>
			<string>SDKROOT</string>
		</dict>
		<key>2443DC5C18D662CA00C920C1</key>
		<dict>
			<key>fileRef</key>
			<string>2443DC5B18D662CA00C920C1</string>
			<key>isa</key>
			<string>PBXBuildFile</string>
		</dict>
		<key>2443DC5D18D662CA00C920C1</key>
		<dict>
			<key>children</key>
			<array>
				<string>2443DC6618D662CA00C920C1</string>
				<string>2443DC6718D662CA00C920C1</string>
				<string>2443DC6918D662CA00C920C1</string>
				<string>2443DC9C18D6645800C920C1</string>
				<string>2443DC9D18D6645800C920C1</string>
				<string>24C4516018DABABE0001FCFD</string>
				<string>2443DC9418D663FC00C920C1</string>
				<string>2443DC9718D663FC00C920C1</string>
				<string>24C4516518DD64630001FCFD</string>
				<string>F4A20F00190307960044F9B7</string>
				<string>2443DC5E18D662CA00C920C1</string>
				<string>2443DC7418D662CA00C920C1</string>
			</array>
			<key>isa</key>
			<string>PBXGroup</string>
			<key>path</key>
			<string>m2048</string>
			<key>sourceTree</key>
			<string>&lt;group&gt;</string>
		</dict>
		<key>2443DC5E18D662CA00C920C1</key>
		<dict>
			<key>children</key>
			<array>
				<string>2443DC5F18D662CA00C920C1</string>
				<string>2443DC6018D662CA00C920C1</string>
				<string>2443DC6318D662CA00C920C1</string>
				<string>2443DC6518D662CA00C920C1</string>
			</array>
			<key>isa</key>
			<string>PBXGroup</string>
			<key>name</key>
			<string>Supporting Files</string>
			<key>sourceTree</key>
			<string>&lt;group&gt;</string>
		</dict>
		<key>2443DC5F18D662CA00C920C1</key>
		<dict>
			<key>isa</key>
			<string>PBXFileReference</string>
			<key>lastKnownFileType</key>
			<string>text.plist.xml</string>
			<key>path</key>
			<string>m2048-Info.plist</string>
			<key>sourceTree</key>
			<string>&lt;group&gt;</string>
		</dict>
		<key>2443DC6018D662CA00C920C1</key>
		<dict>
			<key>children</key>
			<array>
				<string>2443DC6118D662CA00C920C1</string>
			</array>
			<key>isa</key>
			<string>PBXVariantGroup</string>
			<key>name</key>
			<string>InfoPlist.strings</string>
			<key>sourceTree</key>
			<string>&lt;group&gt;</string>
		</dict>
		<key>2443DC6118D662CA00C920C1</key>
		<dict>
			<key>isa</key>
			<string>PBXFileReference</string>
			<key>lastKnownFileType</key>
			<string>text.plist.strings</string>
			<key>name</key>
			<string>en</string>
			<key>path</key>
			<string>en.lproj/InfoPlist.strings</string>
			<key>sourceTree</key>
			<string>&lt;group&gt;</string>
		</dict>
		<key>2443DC6218D662CA00C920C1</key>
		<dict>
			<key>fileRef</key>
			<string>2443DC6018D662CA00C920C1</string>
			<key>isa</key>
			<string>PBXBuildFile</string>
		</dict>
		<key>2443DC6318D662CA00C920C1</key>
		<dict>
			<key>isa</key>
			<string>PBXFileReference</string>
			<key>lastKnownFileType</key>
			<string>sourcecode.c.objc</string>
			<key>path</key>
			<string>main.m</string>
			<key>sourceTree</key>
			<string>&lt;group&gt;</string>
		</dict>
		<key>2443DC6418D662CA00C920C1</key>
		<dict>
			<key>fileRef</key>
			<string>2443DC6318D662CA00C920C1</string>
			<key>isa</key>
			<string>PBXBuildFile</string>
		</dict>
		<key>2443DC6518D662CA00C920C1</key>
		<dict>
			<key>isa</key>
			<string>PBXFileReference</string>
			<key>lastKnownFileType</key>
			<string>sourcecode.c.h</string>
			<key>path</key>
			<string>m2048-Prefix.pch</string>
			<key>sourceTree</key>
			<string>&lt;group&gt;</string>
		</dict>
		<key>2443DC6618D662CA00C920C1</key>
		<dict>
			<key>isa</key>
			<string>PBXFileReference</string>
			<key>lastKnownFileType</key>
			<string>sourcecode.c.h</string>
			<key>path</key>
			<string>M2AppDelegate.h</string>
			<key>sourceTree</key>
			<string>&lt;group&gt;</string>
		</dict>
		<key>2443DC6718D662CA00C920C1</key>
		<dict>
			<key>isa</key>
			<string>PBXFileReference</string>
			<key>lastKnownFileType</key>
			<string>sourcecode.c.objc</string>
			<key>path</key>
			<string>M2AppDelegate.m</string>
			<key>sourceTree</key>
			<string>&lt;group&gt;</string>
		</dict>
		<key>2443DC6818D662CA00C920C1</key>
		<dict>
			<key>fileRef</key>
			<string>2443DC6718D662CA00C920C1</string>
			<key>isa</key>
			<string>PBXBuildFile</string>
		</dict>
		<key>2443DC6918D662CA00C920C1</key>
		<dict>
			<key>children</key>
			<array>
				<string>2443DC6A18D662CA00C920C1</string>
			</array>
			<key>isa</key>
			<string>PBXVariantGroup</string>
			<key>name</key>
			<string>Main.storyboard</string>
			<key>sourceTree</key>
			<string>&lt;group&gt;</string>
		</dict>
		<key>2443DC6A18D662CA00C920C1</key>
		<dict>
			<key>isa</key>
			<string>PBXFileReference</string>
			<key>lastKnownFileType</key>
			<string>file.storyboard</string>
			<key>name</key>
			<string>Base</string>
			<key>path</key>
			<string>Base.lproj/Main.storyboard</string>
			<key>sourceTree</key>
			<string>&lt;group&gt;</string>
		</dict>
		<key>2443DC6B18D662CA00C920C1</key>
		<dict>
			<key>fileRef</key>
			<string>2443DC6918D662CA00C920C1</string>
			<key>isa</key>
			<string>PBXBuildFile</string>
		</dict>
		<key>2443DC7418D662CA00C920C1</key>
		<dict>
			<key>isa</key>
			<string>PBXFileReference</string>
			<key>lastKnownFileType</key>
			<string>folder.assetcatalog</string>
			<key>path</key>
			<string>Images.xcassets</string>
			<key>sourceTree</key>
			<string>&lt;group&gt;</string>
		</dict>
		<key>2443DC7518D662CA00C920C1</key>
		<dict>
			<key>fileRef</key>
			<string>2443DC7418D662CA00C920C1</string>
			<key>isa</key>
			<string>PBXBuildFile</string>
		</dict>
		<key>2443DC7B18D662CA00C920C1</key>
		<dict>
			<key>isa</key>
			<string>PBXFileReference</string>
			<key>lastKnownFileType</key>
			<string>wrapper.framework</string>
			<key>name</key>
			<string>XCTest.framework</string>
			<key>path</key>
			<string>Library/Frameworks/XCTest.framework</string>
			<key>sourceTree</key>
			<string>DEVELOPER_DIR</string>
		</dict>
		<key>2443DC8918D662CA00C920C1</key>
		<dict>
			<key>buildSettings</key>
			<dict>
				<key>ALWAYS_SEARCH_USER_PATHS</key>
				<string>NO</string>
				<key>CLANG_CXX_LANGUAGE_STANDARD</key>
				<string>gnu++0x</string>
				<key>CLANG_CXX_LIBRARY</key>
				<string>libc++</string>
				<key>CLANG_ENABLE_MODULES</key>
				<string>YES</string>
				<key>CLANG_ENABLE_OBJC_ARC</key>
				<string>YES</string>
				<key>CLANG_WARN_BOOL_CONVERSION</key>
				<string>YES</string>
				<key>CLANG_WARN_CONSTANT_CONVERSION</key>
				<string>YES</string>
				<key>CLANG_WARN_DIRECT_OBJC_ISA_USAGE</key>
				<string>YES_ERROR</string>
				<key>CLANG_WARN_EMPTY_BODY</key>
				<string>YES</string>
				<key>CLANG_WARN_ENUM_CONVERSION</key>
				<string>YES</string>
				<key>CLANG_WARN_INT_CONVERSION</key>
				<string>YES</string>
				<key>CLANG_WARN_OBJC_ROOT_CLASS</key>
				<string>YES_ERROR</string>
				<key>CLANG_WARN__DUPLICATE_METHOD_MATCH</key>
				<string>YES</string>
				<key>CODE_SIGN_IDENTITY[sdk=iphoneos*]</key>
				<string>iPhone Developer</string>
				<key>COPY_PHASE_STRIP</key>
				<string>NO</string>
				<key>GCC_C_LANGUAGE_STANDARD</key>
				<string>gnu99</string>
				<key>GCC_DYNAMIC_NO_PIC</key>
				<string>NO</string>
				<key>GCC_OPTIMIZATION_LEVEL</key>
				<string>0</string>
				<key>GCC_PREPROCESSOR_DEFINITIONS</key>
				<array>
					<string>DEBUG=1</string>
					<string>$(inherited)</string>
				</array>
				<key>GCC_SYMBOLS_PRIVATE_EXTERN</key>
				<string>NO</string>
				<key>GCC_WARN_64_TO_32_BIT_CONVERSION</key>
				<string>YES</string>
				<key>GCC_WARN_ABOUT_RETURN_TYPE</key>
				<string>YES_ERROR</string>
				<key>GCC_WARN_UNDECLARED_SELECTOR</key>
				<string>YES</string>
				<key>GCC_WARN_UNINITIALIZED_AUTOS</key>
				<string>YES_AGGRESSIVE</string>
				<key>GCC_WARN_UNUSED_FUNCTION</key>
				<string>YES</string>
				<key>GCC_WARN_UNUSED_VARIABLE</key>
				<string>YES</string>
				<key>IPHONEOS_DEPLOYMENT_TARGET</key>
				<string>7.1</string>
				<key>ONLY_ACTIVE_ARCH</key>
				<string>YES</string>
				<key>SDKROOT</key>
				<string>iphoneos</string>
			</dict>
			<key>isa</key>
			<string>XCBuildConfiguration</string>
			<key>name</key>
			<string>Debug</string>
		</dict>
		<key>2443DC8A18D662CA00C920C1</key>
		<dict>
			<key>buildSettings</key>
			<dict>
				<key>ALWAYS_SEARCH_USER_PATHS</key>
				<string>NO</string>
				<key>CLANG_CXX_LANGUAGE_STANDARD</key>
				<string>gnu++0x</string>
				<key>CLANG_CXX_LIBRARY</key>
				<string>libc++</string>
				<key>CLANG_ENABLE_MODULES</key>
				<string>YES</string>
				<key>CLANG_ENABLE_OBJC_ARC</key>
				<string>YES</string>
				<key>CLANG_WARN_BOOL_CONVERSION</key>
				<string>YES</string>
				<key>CLANG_WARN_CONSTANT_CONVERSION</key>
				<string>YES</string>
				<key>CLANG_WARN_DIRECT_OBJC_ISA_USAGE</key>
				<string>YES_ERROR</string>
				<key>CLANG_WARN_EMPTY_BODY</key>
				<string>YES</string>
				<key>CLANG_WARN_ENUM_CONVERSION</key>
				<string>YES</string>
				<key>CLANG_WARN_INT_CONVERSION</key>
				<string>YES</string>
				<key>CLANG_WARN_OBJC_ROOT_CLASS</key>
				<string>YES_ERROR</string>
				<key>CLANG_WARN__DUPLICATE_METHOD_MATCH</key>
				<string>YES</string>
				<key>CODE_SIGN_IDENTITY[sdk=iphoneos*]</key>
				<string>iPhone Developer</string>
				<key>COPY_PHASE_STRIP</key>
				<string>YES</string>
				<key>ENABLE_NS_ASSERTIONS</key>
				<string>NO</string>
				<key>GCC_C_LANGUAGE_STANDARD</key>
				<string>gnu99</string>
				<key>GCC_WARN_64_TO_32_BIT_CONVERSION</key>
				<string>YES</string>
				<key>GCC_WARN_ABOUT_RETURN_TYPE</key>
				<string>YES_ERROR</string>
				<key>GCC_WARN_UNDECLARED_SELECTOR</key>
				<string>YES</string>
				<key>GCC_WARN_UNINITIALIZED_AUTOS</key>
				<string>YES_AGGRESSIVE</string>
				<key>GCC_WARN_UNUSED_FUNCTION</key>
				<string>YES</string>
				<key>GCC_WARN_UNUSED_VARIABLE</key>
				<string>YES</string>
				<key>IPHONEOS_DEPLOYMENT_TARGET</key>
				<string>7.1</string>
				<key>SDKROOT</key>
				<string>iphoneos</string>
				<key>VALIDATE_PRODUCT</key>
				<string>YES</string>
			</dict>
			<key>isa</key>
			<string>XCBuildConfiguration</string>
			<key>name</key>
			<string>Release</string>
		</dict>
		<key>2443DC8B18D662CA00C920C1</key>
		<dict>
			<key>buildConfigurations</key>
			<array>
				<string>2443DC8C18D662CA00C920C1</string>
				<string>2443DC8D18D662CA00C920C1</string>
			</array>
			<key>defaultConfigurationIsVisible</key>
			<string>0</string>
			<key>defaultConfigurationName</key>
			<string>Release</string>
			<key>isa</key>
			<string>XCConfigurationList</string>
		</dict>
		<key>2443DC8C18D662CA00C920C1</key>
		<dict>
			<key>baseConfigurationReference</key>
			<string>27CC3A21D3A942F28A320D79</string>
			<key>buildSettings</key>
			<dict>
				<key>ASSETCATALOG_COMPILER_APPICON_NAME</key>
				<string>AppIcon</string>
				<key>ASSETCATALOG_COMPILER_LAUNCHIMAGE_NAME</key>
				<string>LaunchImage</string>
				<key>CODE_SIGN_IDENTITY</key>
				<string>iPhone Developer</string>
				<key>CODE_SIGN_IDENTITY[sdk=iphoneos*]</key>
				<string>iPhone Developer</string>
				<key>GCC_PRECOMPILE_PREFIX_HEADER</key>
				<string>YES</string>
				<key>GCC_PREFIX_HEADER</key>
				<string>m2048/m2048-Prefix.pch</string>
				<key>INFOPLIST_FILE</key>
				<string>m2048/m2048-Info.plist</string>
				<key>PRODUCT_NAME</key>
				<string>$(TARGET_NAME)</string>
				<key>PROVISIONING_PROFILE</key>
				<string></string>
				<key>SPRITEKIT_TEXTURE_ATLAS_OUTPUT</key>
				<string>YES</string>
				<key>WRAPPER_EXTENSION</key>
				<string>app</string>
			</dict>
			<key>isa</key>
			<string>XCBuildConfiguration</string>
			<key>name</key>
			<string>Debug</string>
		</dict>
		<key>2443DC8D18D662CA00C920C1</key>
		<dict>
			<key>baseConfigurationReference</key>
			<string>27CC3A21D3A942F28A320D79</string>
			<key>buildSettings</key>
			<dict>
				<key>ASSETCATALOG_COMPILER_APPICON_NAME</key>
				<string>AppIcon</string>
				<key>ASSETCATALOG_COMPILER_LAUNCHIMAGE_NAME</key>
				<string>LaunchImage</string>
				<key>CODE_SIGN_IDENTITY</key>
				<string>iPhone Developer</string>
				<key>CODE_SIGN_IDENTITY[sdk=iphoneos*]</key>
				<string>iPhone Developer</string>
				<key>GCC_PRECOMPILE_PREFIX_HEADER</key>
				<string>YES</string>
				<key>GCC_PREFIX_HEADER</key>
				<string>m2048/m2048-Prefix.pch</string>
				<key>INFOPLIST_FILE</key>
				<string>m2048/m2048-Info.plist</string>
				<key>PRODUCT_NAME</key>
				<string>$(TARGET_NAME)</string>
				<key>PROVISIONING_PROFILE</key>
				<string></string>
				<key>SPRITEKIT_TEXTURE_ATLAS_OUTPUT</key>
				<string>YES</string>
				<key>WRAPPER_EXTENSION</key>
				<string>app</string>
			</dict>
			<key>isa</key>
			<string>XCBuildConfiguration</string>
			<key>name</key>
			<string>Release</string>
		</dict>
		<key>2443DC9418D663FC00C920C1</key>
		<dict>
			<key>children</key>
			<array>
				<string>24C4515918D6DC4A0001FCFD</string>
				<string>24C4515A18D6DC4A0001FCFD</string>
				<string>24C4515C18D6DC740001FCFD</string>
				<string>24C4515D18D6DC740001FCFD</string>
				<string>2443DC9518D663FC00C920C1</string>
				<string>2443DC9618D663FC00C920C1</string>
				<string>2443DCAD18D6C18400C920C1</string>
				<string>2443DCAE18D6C18400C920C1</string>
				<string>F43A7A4E191F52BD00FFE8D8</string>
				<string>F43A7A4F191F52BD00FFE8D8</string>
				<string>F43A7A4D191F4E5C00FFE8D8</string>
			</array>
			<key>isa</key>
			<string>PBXGroup</string>
			<key>path</key>
			<string>Sprite Kit</string>
			<key>sourceTree</key>
			<string>&lt;group&gt;</string>
		</dict>
		<key>2443DC9518D663FC00C920C1</key>
		<dict>
			<key>fileEncoding</key>
			<string>4</string>
			<key>isa</key>
			<string>PBXFileReference</string>
			<key>lastKnownFileType</key>
			<string>sourcecode.c.h</string>
			<key>path</key>
			<string>M2Scene.h</string>
			<key>sourceTree</key>
			<string>&lt;group&gt;</string>
		</dict>
		<key>2443DC9618D663FC00C920C1</key>
		<dict>
			<key>fileEncoding</key>
			<string>4</string>
			<key>isa</key>
			<string>PBXFileReference</string>
			<key>lastKnownFileType</key>
			<string>sourcecode.c.objc</string>
			<key>path</key>
			<string>M2Scene.m</string>
			<key>sourceTree</key>
			<string>&lt;group&gt;</string>
		</dict>
		<key>2443DC9718D663FC00C920C1</key>
		<dict>
			<key>children</key>
			<array>
				<string>2443DC9818D663FC00C920C1</string>
				<string>2443DC9918D663FC00C920C1</string>
			</array>
			<key>isa</key>
			<string>PBXGroup</string>
			<key>path</key>
			<string>State</string>
			<key>sourceTree</key>
			<string>&lt;group&gt;</string>
		</dict>
		<key>2443DC9818D663FC00C920C1</key>
		<dict>
			<key>fileEncoding</key>
			<string>4</string>
			<key>isa</key>
			<string>PBXFileReference</string>
			<key>lastKnownFileType</key>
			<string>sourcecode.c.h</string>
			<key>path</key>
			<string>M2GameManager.h</string>
			<key>sourceTree</key>
			<string>&lt;group&gt;</string>
		</dict>
		<key>2443DC9918D663FC00C920C1</key>
		<dict>
			<key>fileEncoding</key>
			<string>4</string>
			<key>isa</key>
			<string>PBXFileReference</string>
			<key>lastKnownFileType</key>
			<string>sourcecode.c.objc</string>
			<key>path</key>
			<string>M2GameManager.m</string>
			<key>sourceTree</key>
			<string>&lt;group&gt;</string>
		</dict>
		<key>2443DC9A18D663FC00C920C1</key>
		<dict>
			<key>fileRef</key>
			<string>2443DC9618D663FC00C920C1</string>
			<key>isa</key>
			<string>PBXBuildFile</string>
		</dict>
		<key>2443DC9B18D663FC00C920C1</key>
		<dict>
			<key>fileRef</key>
			<string>2443DC9918D663FC00C920C1</string>
			<key>isa</key>
			<string>PBXBuildFile</string>
		</dict>
		<key>2443DC9C18D6645800C920C1</key>
		<dict>
			<key>children</key>
			<array>
				<string>2443DCA118D6649500C920C1</string>
				<string>2443DCA218D6649500C920C1</string>
			</array>
			<key>isa</key>
			<string>PBXGroup</string>
			<key>path</key>
			<string>Appearance</string>
			<key>sourceTree</key>
			<string>&lt;group&gt;</string>
		</dict>
		<key>2443DC9D18D6645800C920C1</key>
		<dict>
			<key>children</key>
			<array>
				<string>2443DCA418D66CCC00C920C1</string>
				<string>2443DCA518D66CCC00C920C1</string>
				<string>2443DC9E18D6647000C920C1</string>
				<string>2443DC9F18D6647000C920C1</string>
				<string>24C4517118E140AE0001FCFD</string>
				<string>24C4517218E140AE0001FCFD</string>
			</array>
			<key>isa</key>
			<string>PBXGroup</string>
			<key>path</key>
			<string>Controller</string>
			<key>sourceTree</key>
			<string>&lt;group&gt;</string>
		</dict>
		<key>2443DC9E18D6647000C920C1</key>
		<dict>
			<key>fileEncoding</key>
			<string>4</string>
			<key>isa</key>
			<string>PBXFileReference</string>
			<key>lastKnownFileType</key>
			<string>sourcecode.c.h</string>
			<key>path</key>
			<string>M2SettingsViewController.h</string>
			<key>sourceTree</key>
			<string>&lt;group&gt;</string>
		</dict>
		<key>2443DC9F18D6647000C920C1</key>
		<dict>
			<key>fileEncoding</key>
			<string>4</string>
			<key>isa</key>
			<string>PBXFileReference</string>
			<key>lastKnownFileType</key>
			<string>sourcecode.c.objc</string>
			<key>path</key>
			<string>M2SettingsViewController.m</string>
			<key>sourceTree</key>
			<string>&lt;group&gt;</string>
		</dict>
		<key>2443DCA018D6647000C920C1</key>
		<dict>
			<key>fileRef</key>
			<string>2443DC9F18D6647000C920C1</string>
			<key>isa</key>
			<string>PBXBuildFile</string>
		</dict>
		<key>2443DCA118D6649500C920C1</key>
		<dict>
			<key>fileEncoding</key>
			<string>4</string>
			<key>isa</key>
			<string>PBXFileReference</string>
			<key>lastKnownFileType</key>
			<string>sourcecode.c.h</string>
			<key>path</key>
			<string>M2Theme.h</string>
			<key>sourceTree</key>
			<string>&lt;group&gt;</string>
		</dict>
		<key>2443DCA218D6649500C920C1</key>
		<dict>
			<key>fileEncoding</key>
			<string>4</string>
			<key>isa</key>
			<string>PBXFileReference</string>
			<key>lastKnownFileType</key>
			<string>sourcecode.c.objc</string>
			<key>path</key>
			<string>M2Theme.m</string>
			<key>sourceTree</key>
			<string>&lt;group&gt;</string>
		</dict>
		<key>2443DCA318D6649500C920C1</key>
		<dict>
			<key>fileRef</key>
			<string>2443DCA218D6649500C920C1</string>
			<key>isa</key>
			<string>PBXBuildFile</string>
		</dict>
		<key>2443DCA418D66CCC00C920C1</key>
		<dict>
			<key>fileEncoding</key>
			<string>4</string>
			<key>isa</key>
			<string>PBXFileReference</string>
			<key>lastKnownFileType</key>
			<string>sourcecode.c.h</string>
			<key>path</key>
			<string>M2ViewController.h</string>
			<key>sourceTree</key>
			<string>&lt;group&gt;</string>
		</dict>
		<key>2443DCA518D66CCC00C920C1</key>
		<dict>
			<key>fileEncoding</key>
			<string>4</string>
			<key>isa</key>
			<string>PBXFileReference</string>
			<key>lastKnownFileType</key>
			<string>sourcecode.c.objc</string>
			<key>path</key>
			<string>M2ViewController.m</string>
			<key>sourceTree</key>
			<string>&lt;group&gt;</string>
		</dict>
		<key>2443DCA618D66CCC00C920C1</key>
		<dict>
			<key>fileRef</key>
			<string>2443DCA518D66CCC00C920C1</string>
			<key>isa</key>
			<string>PBXBuildFile</string>
		</dict>
		<key>2443DCAD18D6C18400C920C1</key>
		<dict>
			<key>fileEncoding</key>
			<string>4</string>
			<key>isa</key>
			<string>PBXFileReference</string>
			<key>lastKnownFileType</key>
			<string>sourcecode.c.h</string>
			<key>path</key>
			<string>M2DisplayTile.h</string>
			<key>sourceTree</key>
			<string>&lt;group&gt;</string>
		</dict>
		<key>2443DCAE18D6C18400C920C1</key>
		<dict>
			<key>fileEncoding</key>
			<string>4</string>
			<key>isa</key>
			<string>PBXFileReference</string>
			<key>lastKnownFileType</key>
			<string>sourcecode.c.objc</string>
			<key>path</key>
			<string>M2DisplayTile.m</string>
			<key>sourceTree</key>
			<string>&lt;group&gt;</string>
		</dict>
		<key>2443DCAF18D6C18400C920C1</key>
		<dict>
			<key>fileRef</key>
			<string>2443DCAE18D6C18400C920C1</string>
			<key>isa</key>
			<string>PBXBuildFile</string>
		</dict>
		<key>24C4515918D6DC4A0001FCFD</key>
		<dict>
			<key>fileEncoding</key>
			<string>4</string>
			<key>isa</key>
			<string>PBXFileReference</string>
			<key>lastKnownFileType</key>
			<string>sourcecode.c.h</string>
			<key>path</key>
			<string>M2Cell.h</string>
			<key>sourceTree</key>
			<string>&lt;group&gt;</string>
		</dict>
		<key>24C4515A18D6DC4A0001FCFD</key>
		<dict>
			<key>fileEncoding</key>
			<string>4</string>
			<key>isa</key>
			<string>PBXFileReference</string>
			<key>lastKnownFileType</key>
			<string>sourcecode.c.objc</string>
			<key>path</key>
			<string>M2Cell.m</string>
			<key>sourceTree</key>
			<string>&lt;group&gt;</string>
		</dict>
		<key>24C4515B18D6DC4A0001FCFD</key>
		<dict>
			<key>fileRef</key>
			<string>24C4515A18D6DC4A0001FCFD</string>
			<key>isa</key>
			<string>PBXBuildFile</string>
		</dict>
		<key>24C4515C18D6DC740001FCFD</key>
		<dict>
			<key>fileEncoding</key>
			<string>4</string>
			<key>isa</key>
			<string>PBXFileReference</string>
			<key>lastKnownFileType</key>
			<string>sourcecode.c.h</string>
			<key>path</key>
			<string>M2Grid.h</string>
			<key>sourceTree</key>
			<string>&lt;group&gt;</string>
		</dict>
		<key>24C4515D18D6DC740001FCFD</key>
		<dict>
			<key>fileEncoding</key>
			<string>4</string>
			<key>isa</key>
			<string>PBXFileReference</string>
			<key>lastKnownFileType</key>
			<string>sourcecode.c.objc</string>
			<key>path</key>
			<string>M2Grid.m</string>
			<key>sourceTree</key>
			<string>&lt;group&gt;</string>
		</dict>
		<key>24C4515E18D6DC740001FCFD</key>
		<dict>
			<key>fileRef</key>
			<string>24C4515D18D6DC740001FCFD</string>
			<key>isa</key>
			<string>PBXBuildFile</string>
		</dict>
		<key>24C4516018DABABE0001FCFD</key>
		<dict>
			<key>children</key>
			<array>
				<string>24C4516118DABABE0001FCFD</string>
				<string>24C4516218DABABE0001FCFD</string>
				<string>24C4516318DABABE0001FCFD</string>
			</array>
			<key>isa</key>
			<string>PBXGroup</string>
			<key>path</key>
			<string>Global</string>
			<key>sourceTree</key>
			<string>&lt;group&gt;</string>
		</dict>
		<key>24C4516118DABABE0001FCFD</key>
		<dict>
			<key>fileEncoding</key>
			<string>4</string>
			<key>isa</key>
			<string>PBXFileReference</string>
			<key>lastKnownFileType</key>
			<string>sourcecode.c.h</string>
			<key>path</key>
			<string>M2GlobalState.h</string>
			<key>sourceTree</key>
			<string>&lt;group&gt;</string>
		</dict>
		<key>24C4516218DABABE0001FCFD</key>
		<dict>
			<key>fileEncoding</key>
			<string>4</string>
			<key>isa</key>
			<string>PBXFileReference</string>
			<key>lastKnownFileType</key>
			<string>sourcecode.c.objc</string>
			<key>path</key>
			<string>M2GlobalState.m</string>
			<key>sourceTree</key>
			<string>&lt;group&gt;</string>
		</dict>
		<key>24C4516318DABABE0001FCFD</key>
		<dict>
			<key>fileEncoding</key>
			<string>4</string>
			<key>isa</key>
			<string>PBXFileReference</string>
			<key>lastKnownFileType</key>
			<string>sourcecode.c.h</string>
			<key>path</key>
			<string>M2Position.h</string>
			<key>sourceTree</key>
			<string>&lt;group&gt;</string>
		</dict>
		<key>24C4516418DABABE0001FCFD</key>
		<dict>
			<key>fileRef</key>
			<string>24C4516218DABABE0001FCFD</string>
			<key>isa</key>
			<string>PBXBuildFile</string>
		</dict>
		<key>24C4516518DD64630001FCFD</key>
		<dict>
			<key>children</key>
			<array>
				<string>24C4516618DD64A90001FCFD</string>
				<string>24C4516718DD64A90001FCFD</string>
				<string>24C4516E18DFF10B0001FCFD</string>
				<string>24C4516F18DFF10B0001FCFD</string>
				<string>24C4517F18E265390001FCFD</string>
				<string>24C4518018E265390001FCFD</string>
			</array>
			<key>isa</key>
			<string>PBXGroup</string>
			<key>path</key>
			<string>View</string>
			<key>sourceTree</key>
			<string>&lt;group&gt;</string>
		</dict>
		<key>24C4516618DD64A90001FCFD</key>
		<dict>
			<key>fileEncoding</key>
			<string>4</string>
			<key>isa</key>
			<string>PBXFileReference</string>
			<key>lastKnownFileType</key>
			<string>sourcecode.c.h</string>
			<key>path</key>
			<string>M2GridView.h</string>
			<key>sourceTree</key>
			<string>&lt;group&gt;</string>
		</dict>
		<key>24C4516718DD64A90001FCFD</key>
		<dict>
			<key>fileEncoding</key>
			<string>4</string>
			<key>isa</key>
			<string>PBXFileReference</string>
			<key>lastKnownFileType</key>
			<string>sourcecode.c.objc</string>
			<key>path</key>
			<string>M2GridView.m</string>
			<key>sourceTree</key>
			<string>&lt;group&gt;</string>
		</dict>
		<key>24C4516818DD64A90001FCFD</key>
		<dict>
			<key>fileRef</key>
			<string>24C4516718DD64A90001FCFD</string>
			<key>isa</key>
			<string>PBXBuildFile</string>
		</dict>
		<key>24C4516E18DFF10B0001FCFD</key>
		<dict>
			<key>fileEncoding</key>
			<string>4</string>
			<key>isa</key>
			<string>PBXFileReference</string>
			<key>lastKnownFileType</key>
			<string>sourcecode.c.h</string>
			<key>path</key>
			<string>M2ScoreView.h</string>
			<key>sourceTree</key>
			<string>&lt;group&gt;</string>
		</dict>
		<key>24C4516F18DFF10B0001FCFD</key>
		<dict>
			<key>fileEncoding</key>
			<string>4</string>
			<key>isa</key>
			<string>PBXFileReference</string>
			<key>lastKnownFileType</key>
			<string>sourcecode.c.objc</string>
			<key>path</key>
			<string>M2ScoreView.m</string>
			<key>sourceTree</key>
			<string>&lt;group&gt;</string>
		</dict>
		<key>24C4517018DFF10B0001FCFD</key>
		<dict>
			<key>fileRef</key>
			<string>24C4516F18DFF10B0001FCFD</string>
			<key>isa</key>
			<string>PBXBuildFile</string>
		</dict>
		<key>24C4517118E140AE0001FCFD</key>
		<dict>
			<key>fileEncoding</key>
			<string>4</string>
			<key>isa</key>
			<string>PBXFileReference</string>
			<key>lastKnownFileType</key>
			<string>sourcecode.c.h</string>
			<key>path</key>
			<string>M2SettingsDetailViewController.h</string>
			<key>sourceTree</key>
			<string>&lt;group&gt;</string>
		</dict>
		<key>24C4517218E140AE0001FCFD</key>
		<dict>
			<key>fileEncoding</key>
			<string>4</string>
			<key>isa</key>
			<string>PBXFileReference</string>
			<key>lastKnownFileType</key>
			<string>sourcecode.c.objc</string>
			<key>path</key>
			<string>M2SettingsDetailViewController.m</string>
			<key>sourceTree</key>
			<string>&lt;group&gt;</string>
		</dict>
		<key>24C4517318E140AE0001FCFD</key>
		<dict>
			<key>fileRef</key>
			<string>24C4517218E140AE0001FCFD</string>
			<key>isa</key>
			<string>PBXBuildFile</string>
		</dict>
		<key>24C4517F18E265390001FCFD</key>
		<dict>
			<key>fileEncoding</key>
			<string>4</string>
			<key>isa</key>
			<string>PBXFileReference</string>
			<key>lastKnownFileType</key>
			<string>sourcecode.c.h</string>
			<key>path</key>
			<string>M2Overlay.h</string>
			<key>sourceTree</key>
			<string>&lt;group&gt;</string>
		</dict>
		<key>24C4518018E265390001FCFD</key>
		<dict>
			<key>fileEncoding</key>
			<string>4</string>
			<key>isa</key>
			<string>PBXFileReference</string>
			<key>lastKnownFileType</key>
			<string>sourcecode.c.objc</string>
			<key>path</key>
			<string>M2Overlay.m</string>
			<key>sourceTree</key>
			<string>&lt;group&gt;</string>
		</dict>
		<key>24C4518118E265390001FCFD</key>
		<dict>
			<key>fileRef</key>
			<string>24C4518018E265390001FCFD</string>
			<key>isa</key>
			<string>PBXBuildFile</string>
		</dict>
		<key>27CC3A21D3A942F28A320D79</key>
		<dict>
			<key>includeInIndex</key>
			<string>1</string>
			<key>isa</key>
			<string>PBXFileReference</string>
			<key>lastKnownFileType</key>
			<string>text.xcconfig</string>
			<key>name</key>
			<string>Pods.xcconfig</string>
			<key>path</key>
			<string>Pods/Pods.xcconfig</string>
			<key>sourceTree</key>
			<string>&lt;group&gt;</string>
		</dict>
		<key>7FBE37E2B8D648218ADFA8B2</key>
		<dict>
			<key>includeInIndex</key>
			<string>1</string>
			<key>isa</key>
			<string>PBXFileReference</string>
			<key>lastKnownFileType</key>
			<string>text.xcconfig</string>
			<key>name</key>
			<string>Pods-m2048Tests.xcconfig</string>
			<key>path</key>
			<string>Pods/Pods-m2048Tests.xcconfig</string>
			<key>sourceTree</key>
			<string>&lt;group&gt;</string>
		</dict>
		<key>9D21F00392BA44528B608E73</key>
		<dict>
			<key>explicitFileType</key>
			<string>archive.ar</string>
			<key>includeInIndex</key>
			<string>0</string>
			<key>isa</key>
			<string>PBXFileReference</string>
			<key>path</key>
			<string>libPods-m2048Tests.a</string>
			<key>sourceTree</key>
			<string>BUILT_PRODUCTS_DIR</string>
		</dict>
		<key>AACAC295A1A44559AA439642</key>
		<dict>
			<key>buildActionMask</key>
			<string>2147483647</string>
			<key>files</key>
			<array/>
			<key>inputPaths</key>
			<array/>
			<key>isa</key>
			<string>PBXShellScriptBuildPhase</string>
			<key>name</key>
			<string>Copy Pods Resources</string>
			<key>outputPaths</key>
			<array/>
			<key>runOnlyForDeploymentPostprocessing</key>
			<string>0</string>
			<key>shellPath</key>
			<string>/bin/sh</string>
			<key>shellScript</key>
			<string>"${SRCROOT}/Pods/Pods-m2048Tests-resources.sh"
</string>
			<key>showEnvVarsInLog</key>
			<string>0</string>
		</dict>
		<key>B246E262E47B40F28BF82FCB</key>
		<dict>
			<key>explicitFileType</key>
			<string>archive.ar</string>
			<key>includeInIndex</key>
			<string>0</string>
			<key>isa</key>
			<string>PBXFileReference</string>
			<key>path</key>
			<string>libPods.a</string>
			<key>sourceTree</key>
			<string>BUILT_PRODUCTS_DIR</string>
		</dict>
		<key>D6B59EF37AF44577930FFC77</key>
		<dict>
			<key>fileRef</key>
			<string>9D21F00392BA44528B608E73</string>
			<key>isa</key>
			<string>PBXBuildFile</string>
		</dict>
		<key>E46A3AB62A50420F99DA5942</key>
		<dict>
			<key>buildActionMask</key>
			<string>2147483647</string>
			<key>files</key>
			<array/>
			<key>inputPaths</key>
			<array/>
			<key>isa</key>
			<string>PBXShellScriptBuildPhase</string>
			<key>name</key>
			<string>Check Pods Manifest.lock</string>
			<key>outputPaths</key>
			<array/>
			<key>runOnlyForDeploymentPostprocessing</key>
			<string>0</string>
			<key>shellPath</key>
			<string>/bin/sh</string>
			<key>shellScript</key>
			<string>diff "${PODS_ROOT}/../Podfile.lock" "${PODS_ROOT}/Manifest.lock" &gt; /dev/null
if [[ $? != 0 ]] ; then
    cat &lt;&lt; EOM
error: The sandbox is not in sync with the Podfile.lock. Run 'pod install' or update your CocoaPods installation.
EOM
    exit 1
fi
</string>
			<key>showEnvVarsInLog</key>
			<string>0</string>
		</dict>
		<key>E67A64BE5D7D42C7AC3AB2D7</key>
		<dict>
			<key>buildActionMask</key>
			<string>2147483647</string>
			<key>files</key>
			<array/>
			<key>inputPaths</key>
			<array/>
			<key>isa</key>
			<string>PBXShellScriptBuildPhase</string>
			<key>name</key>
			<string>Copy Pods Resources</string>
			<key>outputPaths</key>
			<array/>
			<key>runOnlyForDeploymentPostprocessing</key>
			<string>0</string>
			<key>shellPath</key>
			<string>/bin/sh</string>
			<key>shellScript</key>
			<string>"${SRCROOT}/Pods/Pods-resources.sh"
</string>
			<key>showEnvVarsInLog</key>
			<string>0</string>
		</dict>
		<key>EFD6ACD095BC4413906543A7</key>
		<dict>
			<key>fileRef</key>
			<string>B246E262E47B40F28BF82FCB</string>
			<key>isa</key>
			<string>PBXBuildFile</string>
		</dict>
		<key>F4112AA619176C49005ABE4D</key>
		<dict>
			<key>fileEncoding</key>
			<string>4</string>
			<key>isa</key>
			<string>PBXFileReference</string>
			<key>lastKnownFileType</key>
			<string>sourcecode.c.h</string>
			<key>name</key>
			<string>M2GlobalState+AI.h</string>
			<key>path</key>
			<string>m2048/State/M2GlobalState+AI.h</string>
			<key>sourceTree</key>
			<string>SOURCE_ROOT</string>
		</dict>
		<key>F4112AA719176C49005ABE4D</key>
		<dict>
			<key>fileEncoding</key>
			<string>4</string>
			<key>isa</key>
			<string>PBXFileReference</string>
			<key>lastKnownFileType</key>
			<string>sourcecode.c.objc</string>
			<key>name</key>
			<string>M2GlobalState+AI.m</string>
			<key>path</key>
			<string>m2048/State/M2GlobalState+AI.m</string>
			<key>sourceTree</key>
			<string>SOURCE_ROOT</string>
		</dict>
		<key>F4112AA819176C49005ABE4D</key>
		<dict>
			<key>fileRef</key>
			<string>F4112AA719176C49005ABE4D</string>
			<key>isa</key>
			<string>PBXBuildFile</string>
		</dict>
		<key>F4232EFB190760EB005DA131</key>
		<dict>
			<key>buildActionMask</key>
			<string>2147483647</string>
			<key>files</key>
			<array>
				<string>F4232F161907619C005DA131</string>
				<string>F4232F1519076189005DA131</string>
				<string>F4232F1319076183005DA131</string>
				<string>F466E21A1910CB0F0066BCA4</string>
				<string>F4232F1419076185005DA131</string>
				<string>F4232F121907612D005DA131</string>
			</array>
			<key>isa</key>
			<string>PBXSourcesBuildPhase</string>
			<key>runOnlyForDeploymentPostprocessing</key>
			<string>0</string>
		</dict>
		<key>F4232EFC190760EB005DA131</key>
		<dict>
			<key>buildActionMask</key>
			<string>2147483647</string>
			<key>files</key>
			<array>
				<string>F4232F00190760EB005DA131</string>
				<string>F4232F02190760EB005DA131</string>
				<string>F4232F01190760EB005DA131</string>
				<string>D6B59EF37AF44577930FFC77</string>
			</array>
			<key>isa</key>
			<string>PBXFrameworksBuildPhase</string>
			<key>runOnlyForDeploymentPostprocessing</key>
			<string>0</string>
		</dict>
		<key>F4232EFD190760EB005DA131</key>
		<dict>
			<key>buildActionMask</key>
			<string>2147483647</string>
			<key>files</key>
			<array>
				<string>F4232F08190760EB005DA131</string>
			</array>
			<key>isa</key>
			<string>PBXResourcesBuildPhase</string>
			<key>runOnlyForDeploymentPostprocessing</key>
			<string>0</string>
		</dict>
		<key>F4232EFE190760EB005DA131</key>
		<dict>
			<key>buildConfigurationList</key>
			<string>F4232F0E190760EB005DA131</string>
			<key>buildPhases</key>
			<array>
				<string>E46A3AB62A50420F99DA5942</string>
				<string>F4232EFB190760EB005DA131</string>
				<string>F4232EFC190760EB005DA131</string>
				<string>F4232EFD190760EB005DA131</string>
				<string>AACAC295A1A44559AA439642</string>
			</array>
			<key>buildRules</key>
			<array/>
			<key>dependencies</key>
			<array>
				<string>F4232F0D190760EB005DA131</string>
			</array>
			<key>isa</key>
			<string>PBXNativeTarget</string>
			<key>name</key>
			<string>m2048Tests</string>
			<key>productName</key>
			<string>m2048Tests</string>
			<key>productReference</key>
			<string>F4232EFF190760EB005DA131</string>
			<key>productType</key>
			<string>com.apple.product-type.bundle.unit-test</string>
		</dict>
		<key>F4232EFF190760EB005DA131</key>
		<dict>
			<key>explicitFileType</key>
			<string>wrapper.cfbundle</string>
			<key>includeInIndex</key>
			<string>0</string>
			<key>isa</key>
			<string>PBXFileReference</string>
			<key>path</key>
			<string>m2048Tests.xctest</string>
			<key>sourceTree</key>
			<string>BUILT_PRODUCTS_DIR</string>
		</dict>
		<key>F4232F00190760EB005DA131</key>
		<dict>
			<key>fileRef</key>
			<string>2443DC7B18D662CA00C920C1</string>
			<key>isa</key>
			<string>PBXBuildFile</string>
		</dict>
		<key>F4232F01190760EB005DA131</key>
		<dict>
			<key>fileRef</key>
			<string>2443DC5518D662CA00C920C1</string>
			<key>isa</key>
			<string>PBXBuildFile</string>
		</dict>
		<key>F4232F02190760EB005DA131</key>
		<dict>
			<key>fileRef</key>
			<string>2443DC5918D662CA00C920C1</string>
			<key>isa</key>
			<string>PBXBuildFile</string>
		</dict>
		<key>F4232F03190760EB005DA131</key>
		<dict>
			<key>children</key>
			<array>
				<string>F4232F04190760EB005DA131</string>
				<string>F4232F111907612D005DA131</string>
			</array>
			<key>isa</key>
			<string>PBXGroup</string>
			<key>path</key>
			<string>m2048Tests</string>
			<key>sourceTree</key>
			<string>&lt;group&gt;</string>
		</dict>
		<key>F4232F04190760EB005DA131</key>
		<dict>
			<key>children</key>
			<array>
				<string>F4232F05190760EB005DA131</string>
				<string>F4232F06190760EB005DA131</string>
				<string>F4232F0B190760EB005DA131</string>
			</array>
			<key>isa</key>
			<string>PBXGroup</string>
			<key>name</key>
			<string>Supporting Files</string>
			<key>sourceTree</key>
			<string>&lt;group&gt;</string>
		</dict>
		<key>F4232F05190760EB005DA131</key>
		<dict>
			<key>isa</key>
			<string>PBXFileReference</string>
			<key>lastKnownFileType</key>
			<string>text.plist.xml</string>
			<key>path</key>
			<string>m2048Tests-Info.plist</string>
			<key>sourceTree</key>
			<string>&lt;group&gt;</string>
		</dict>
		<key>F4232F06190760EB005DA131</key>
		<dict>
			<key>children</key>
			<array>
				<string>F4232F07190760EB005DA131</string>
			</array>
			<key>isa</key>
			<string>PBXVariantGroup</string>
			<key>name</key>
			<string>InfoPlist.strings</string>
			<key>sourceTree</key>
			<string>&lt;group&gt;</string>
		</dict>
		<key>F4232F07190760EB005DA131</key>
		<dict>
			<key>isa</key>
			<string>PBXFileReference</string>
			<key>lastKnownFileType</key>
			<string>text.plist.strings</string>
			<key>name</key>
			<string>en</string>
			<key>path</key>
			<string>en.lproj/InfoPlist.strings</string>
			<key>sourceTree</key>
			<string>&lt;group&gt;</string>
		</dict>
		<key>F4232F08190760EB005DA131</key>
		<dict>
			<key>fileRef</key>
			<string>F4232F06190760EB005DA131</string>
			<key>isa</key>
			<string>PBXBuildFile</string>
		</dict>
		<key>F4232F0B190760EB005DA131</key>
		<dict>
			<key>isa</key>
			<string>PBXFileReference</string>
			<key>lastKnownFileType</key>
			<string>sourcecode.c.h</string>
			<key>path</key>
			<string>m2048Tests-Prefix.pch</string>
			<key>sourceTree</key>
			<string>&lt;group&gt;</string>
		</dict>
		<key>F4232F0C190760EB005DA131</key>
		<dict>
			<key>containerPortal</key>
			<string>2443DC4A18D662CA00C920C1</string>
			<key>isa</key>
			<string>PBXContainerItemProxy</string>
			<key>proxyType</key>
			<string>1</string>
			<key>remoteGlobalIDString</key>
			<string>2443DC5118D662CA00C920C1</string>
			<key>remoteInfo</key>
			<string>m2048</string>
		</dict>
		<key>F4232F0D190760EB005DA131</key>
		<dict>
			<key>isa</key>
			<string>PBXTargetDependency</string>
			<key>target</key>
			<string>2443DC5118D662CA00C920C1</string>
			<key>targetProxy</key>
			<string>F4232F0C190760EB005DA131</string>
		</dict>
		<key>F4232F0E190760EB005DA131</key>
		<dict>
			<key>buildConfigurations</key>
			<array>
				<string>F4232F0F190760EB005DA131</string>
				<string>F4232F10190760EB005DA131</string>
			</array>
			<key>defaultConfigurationIsVisible</key>
			<string>0</string>
			<key>defaultConfigurationName</key>
			<string>Release</string>
			<key>isa</key>
			<string>XCConfigurationList</string>
		</dict>
		<key>F4232F0F190760EB005DA131</key>
		<dict>
			<key>baseConfigurationReference</key>
			<string>7FBE37E2B8D648218ADFA8B2</string>
			<key>buildSettings</key>
			<dict>
				<key>BUNDLE_LOADER</key>
				<string>$(BUILT_PRODUCTS_DIR)/m2048.app/m2048</string>
				<key>FRAMEWORK_SEARCH_PATHS</key>
				<array>
					<string>$(SDKROOT)/Developer/Library/Frameworks</string>
					<string>$(inherited)</string>
					<string>$(DEVELOPER_FRAMEWORKS_DIR)</string>
				</array>
				<key>GCC_PRECOMPILE_PREFIX_HEADER</key>
				<string>YES</string>
				<key>GCC_PREFIX_HEADER</key>
				<string>m2048Tests/m2048Tests-Prefix.pch</string>
				<key>GCC_PREPROCESSOR_DEFINITIONS</key>
				<array>
					<string>DEBUG=1</string>
					<string>$(inherited)</string>
				</array>
				<key>INFOPLIST_FILE</key>
				<string>m2048Tests/m2048Tests-Info.plist</string>
				<key>PRODUCT_NAME</key>
				<string>$(TARGET_NAME)</string>
				<key>TEST_HOST</key>
				<string>$(BUNDLE_LOADER)</string>
				<key>WRAPPER_EXTENSION</key>
				<string>xctest</string>
			</dict>
			<key>isa</key>
			<string>XCBuildConfiguration</string>
			<key>name</key>
			<string>Debug</string>
		</dict>
		<key>F4232F10190760EB005DA131</key>
		<dict>
			<key>baseConfigurationReference</key>
			<string>7FBE37E2B8D648218ADFA8B2</string>
			<key>buildSettings</key>
			<dict>
				<key>BUNDLE_LOADER</key>
				<string>$(BUILT_PRODUCTS_DIR)/m2048.app/m2048</string>
				<key>FRAMEWORK_SEARCH_PATHS</key>
				<array>
					<string>$(SDKROOT)/Developer/Library/Frameworks</string>
					<string>$(inherited)</string>
					<string>$(DEVELOPER_FRAMEWORKS_DIR)</string>
				</array>
				<key>GCC_PRECOMPILE_PREFIX_HEADER</key>
				<string>YES</string>
				<key>GCC_PREFIX_HEADER</key>
				<string>m2048Tests/m2048Tests-Prefix.pch</string>
				<key>INFOPLIST_FILE</key>
				<string>m2048Tests/m2048Tests-Info.plist</string>
				<key>PRODUCT_NAME</key>
				<string>$(TARGET_NAME)</string>
				<key>TEST_HOST</key>
				<string>$(BUNDLE_LOADER)</string>
				<key>WRAPPER_EXTENSION</key>
				<string>xctest</string>
			</dict>
			<key>isa</key>
			<string>XCBuildConfiguration</string>
			<key>name</key>
			<string>Release</string>
		</dict>
		<key>F4232F111907612D005DA131</key>
		<dict>
			<key>fileEncoding</key>
			<string>4</string>
			<key>isa</key>
			<string>PBXFileReference</string>
			<key>lastKnownFileType</key>
			<string>sourcecode.c.objc</string>
			<key>path</key>
			<string>M2AITests.m</string>
			<key>sourceTree</key>
			<string>&lt;group&gt;</string>
		</dict>
		<key>F4232F121907612D005DA131</key>
		<dict>
			<key>fileRef</key>
			<string>F4232F111907612D005DA131</string>
			<key>isa</key>
			<string>PBXBuildFile</string>
		</dict>
		<key>F4232F1319076183005DA131</key>
		<dict>
			<key>fileRef</key>
			<string>24C4515A18D6DC4A0001FCFD</string>
			<key>isa</key>
			<string>PBXBuildFile</string>
		</dict>
		<key>F4232F1419076185005DA131</key>
		<dict>
			<key>fileRef</key>
			<string>24C4515D18D6DC740001FCFD</string>
			<key>isa</key>
			<string>PBXBuildFile</string>
		</dict>
		<key>F4232F1519076189005DA131</key>
		<dict>
			<key>fileRef</key>
			<string>2443DCAE18D6C18400C920C1</string>
			<key>isa</key>
			<string>PBXBuildFile</string>
		</dict>
		<key>F4232F161907619C005DA131</key>
		<dict>
			<key>fileRef</key>
			<string>F4A20F0519030C690044F9B7</string>
			<key>isa</key>
			<string>PBXBuildFile</string>
		</dict>
		<key>F43A7A4D191F4E5C00FFE8D8</key>
		<dict>
			<key>isa</key>
			<string>PBXFileReference</string>
			<key>lastKnownFileType</key>
			<string>sourcecode.c.h</string>
			<key>path</key>
			<string>M2Tile.h</string>
			<key>sourceTree</key>
			<string>&lt;group&gt;</string>
		</dict>
		<key>F43A7A4E191F52BD00FFE8D8</key>
		<dict>
			<key>fileEncoding</key>
			<string>4</string>
			<key>isa</key>
			<string>PBXFileReference</string>
			<key>lastKnownFileType</key>
			<string>sourcecode.c.h</string>
			<key>path</key>
			<string>M2DummyTile.h</string>
			<key>sourceTree</key>
			<string>&lt;group&gt;</string>
		</dict>
		<key>F43A7A4F191F52BD00FFE8D8</key>
		<dict>
			<key>fileEncoding</key>
			<string>4</string>
			<key>isa</key>
			<string>PBXFileReference</string>
			<key>lastKnownFileType</key>
			<string>sourcecode.c.objc</string>
			<key>path</key>
			<string>M2DummyTile.m</string>
			<key>sourceTree</key>
			<string>&lt;group&gt;</string>
		</dict>
		<key>F43A7A50191F52BD00FFE8D8</key>
		<dict>
			<key>fileRef</key>
			<string>F43A7A4F191F52BD00FFE8D8</string>
			<key>isa</key>
			<string>PBXBuildFile</string>
		</dict>
		<key>F466E2171910C95F0066BCA4</key>
		<dict>
			<key>fileEncoding</key>
			<string>4</string>
			<key>isa</key>
			<string>PBXFileReference</string>
			<key>lastKnownFileType</key>
			<string>sourcecode.c.h</string>
			<key>name</key>
			<string>M2Vector.h</string>
			<key>path</key>
			<string>m2048/AI/M2Vector.h</string>
			<key>sourceTree</key>
			<string>SOURCE_ROOT</string>
		</dict>
		<key>F466E2181910C95F0066BCA4</key>
		<dict>
			<key>fileEncoding</key>
			<string>4</string>
			<key>isa</key>
			<string>PBXFileReference</string>
			<key>lastKnownFileType</key>
			<string>sourcecode.c.objc</string>
			<key>name</key>
			<string>M2Vector.m</string>
			<key>path</key>
			<string>m2048/AI/M2Vector.m</string>
			<key>sourceTree</key>
			<string>SOURCE_ROOT</string>
		</dict>
		<key>F466E2191910C95F0066BCA4</key>
		<dict>
			<key>fileRef</key>
			<string>F466E2181910C95F0066BCA4</string>
			<key>isa</key>
			<string>PBXBuildFile</string>
		</dict>
		<key>F466E21A1910CB0F0066BCA4</key>
		<dict>
			<key>fileRef</key>
			<string>F466E2181910C95F0066BCA4</string>
			<key>isa</key>
			<string>PBXBuildFile</string>
		</dict>
		<key>F4A20F00190307960044F9B7</key>
		<dict>
			<key>children</key>
			<array>
				<string>F466E2171910C95F0066BCA4</string>
				<string>F466E2181910C95F0066BCA4</string>
				<string>F4A20F011903084D0044F9B7</string>
				<string>F4A20F021903084D0044F9B7</string>
				<string>F4A20F0419030C690044F9B7</string>
				<string>F4A20F0519030C690044F9B7</string>
				<string>F4112AA619176C49005ABE4D</string>
				<string>F4112AA719176C49005ABE4D</string>
			</array>
			<key>isa</key>
			<string>PBXGroup</string>
			<key>name</key>
			<string>AI</string>
			<key>path</key>
			<string>View</string>
			<key>sourceTree</key>
			<string>&lt;group&gt;</string>
		</dict>
		<key>F4A20F011903084D0044F9B7</key>
		<dict>
			<key>fileEncoding</key>
			<string>4</string>
			<key>isa</key>
			<string>PBXFileReference</string>
			<key>lastKnownFileType</key>
			<string>sourcecode.c.h</string>
			<key>name</key>
			<string>M2AI.h</string>
			<key>path</key>
			<string>m2048/AI/M2AI.h</string>
			<key>sourceTree</key>
			<string>SOURCE_ROOT</string>
		</dict>
		<key>F4A20F021903084D0044F9B7</key>
		<dict>
			<key>fileEncoding</key>
			<string>4</string>
			<key>isa</key>
			<string>PBXFileReference</string>
			<key>lastKnownFileType</key>
			<string>sourcecode.c.objc</string>
			<key>name</key>
			<string>M2AI.m</string>
			<key>path</key>
			<string>m2048/AI/M2AI.m</string>
			<key>sourceTree</key>
			<string>SOURCE_ROOT</string>
		</dict>
		<key>F4A20F031903084D0044F9B7</key>
		<dict>
			<key>fileRef</key>
			<string>F4A20F021903084D0044F9B7</string>
			<key>isa</key>
			<string>PBXBuildFile</string>
		</dict>
		<key>F4A20F0419030C690044F9B7</key>
		<dict>
			<key>fileEncoding</key>
			<string>4</string>
			<key>isa</key>
			<string>PBXFileReference</string>
			<key>lastKnownFileType</key>
			<string>sourcecode.c.h</string>
			<key>name</key>
			<string>M2Grid+AI.h</string>
			<key>path</key>
			<string>m2048/AI/M2Grid+AI.h</string>
			<key>sourceTree</key>
			<string>SOURCE_ROOT</string>
		</dict>
		<key>F4A20F0519030C690044F9B7</key>
		<dict>
			<key>fileEncoding</key>
			<string>4</string>
			<key>isa</key>
			<string>PBXFileReference</string>
			<key>lastKnownFileType</key>
			<string>sourcecode.c.objc</string>
			<key>name</key>
			<string>M2Grid+AI.m</string>
			<key>path</key>
			<string>m2048/AI/M2Grid+AI.m</string>
			<key>sourceTree</key>
			<string>SOURCE_ROOT</string>
		</dict>
		<key>F4A20F0619030C690044F9B7</key>
		<dict>
			<key>fileRef</key>
			<string>F4A20F0519030C690044F9B7</string>
			<key>isa</key>
			<string>PBXBuildFile</string>
		</dict>
	</dict>
	<key>rootObject</key>
	<string>2443DC4A18D662CA00C920C1</string>
</dict>
</plist>
