// !$*UTF8*$!
{
	archiveVersion = 1;
	classes = {
	};
	objectVersion = 46;
	objects = {

/* Begin PBXBuildFile section */
		2443DC5618D662CA00C920C1 /* Foundation.framework in Frameworks */ = {isa = PBXBuildFile; fileRef = 2443DC5518D662CA00C920C1 /* Foundation.framework */; };
		2443DC5818D662CA00C920C1 /* CoreGraphics.framework in Frameworks */ = {isa = PBXBuildFile; fileRef = 2443DC5718D662CA00C920C1 /* CoreGraphics.framework */; };
		2443DC5A18D662CA00C920C1 /* UIKit.framework in Frameworks */ = {isa = PBXBuildFile; fileRef = 2443DC5918D662CA00C920C1 /* UIKit.framework */; };
		2443DC5C18D662CA00C920C1 /* SpriteKit.framework in Frameworks */ = {isa = PBXBuildFile; fileRef = 2443DC5B18D662CA00C920C1 /* SpriteKit.framework */; };
		2443DC6218D662CA00C920C1 /* InfoPlist.strings in Resources */ = {isa = PBXBuildFile; fileRef = 2443DC6018D662CA00C920C1 /* InfoPlist.strings */; };
		2443DC6418D662CA00C920C1 /* main.m in Sources */ = {isa = PBXBuildFile; fileRef = 2443DC6318D662CA00C920C1 /* main.m */; };
		2443DC6818D662CA00C920C1 /* M2AppDelegate.m in Sources */ = {isa = PBXBuildFile; fileRef = 2443DC6718D662CA00C920C1 /* M2AppDelegate.m */; };
		2443DC6B18D662CA00C920C1 /* Main.storyboard in Resources */ = {isa = PBXBuildFile; fileRef = 2443DC6918D662CA00C920C1 /* Main.storyboard */; };
		2443DC7518D662CA00C920C1 /* Images.xcassets in Resources */ = {isa = PBXBuildFile; fileRef = 2443DC7418D662CA00C920C1 /* Images.xcassets */; };
		2443DC7C18D662CA00C920C1 /* XCTest.framework in Frameworks */ = {isa = PBXBuildFile; fileRef = 2443DC7B18D662CA00C920C1 /* XCTest.framework */; };
		2443DC7D18D662CA00C920C1 /* Foundation.framework in Frameworks */ = {isa = PBXBuildFile; fileRef = 2443DC5518D662CA00C920C1 /* Foundation.framework */; };
		2443DC7E18D662CA00C920C1 /* UIKit.framework in Frameworks */ = {isa = PBXBuildFile; fileRef = 2443DC5918D662CA00C920C1 /* UIKit.framework */; };
		2443DC8618D662CA00C920C1 /* InfoPlist.strings in Resources */ = {isa = PBXBuildFile; fileRef = 2443DC8418D662CA00C920C1 /* InfoPlist.strings */; };
		2443DC8818D662CA00C920C1 /* m2048Tests.m in Sources */ = {isa = PBXBuildFile; fileRef = 2443DC8718D662CA00C920C1 /* m2048Tests.m */; };
		2443DC9A18D663FC00C920C1 /* M2Scene.m in Sources */ = {isa = PBXBuildFile; fileRef = 2443DC9618D663FC00C920C1 /* M2Scene.m */; };
		2443DC9B18D663FC00C920C1 /* M2GameManager.m in Sources */ = {isa = PBXBuildFile; fileRef = 2443DC9918D663FC00C920C1 /* M2GameManager.m */; };
		2443DCA018D6647000C920C1 /* M2SettingsViewController.m in Sources */ = {isa = PBXBuildFile; fileRef = 2443DC9F18D6647000C920C1 /* M2SettingsViewController.m */; };
		2443DCA318D6649500C920C1 /* M2Theme.m in Sources */ = {isa = PBXBuildFile; fileRef = 2443DCA218D6649500C920C1 /* M2Theme.m */; };
		2443DCA618D66CCC00C920C1 /* M2ViewController.m in Sources */ = {isa = PBXBuildFile; fileRef = 2443DCA518D66CCC00C920C1 /* M2ViewController.m */; };
		2443DCAF18D6C18400C920C1 /* M2Tile.m in Sources */ = {isa = PBXBuildFile; fileRef = 2443DCAE18D6C18400C920C1 /* M2Tile.m */; };
		24C4515B18D6DC4A0001FCFD /* M2Cell.m in Sources */ = {isa = PBXBuildFile; fileRef = 24C4515A18D6DC4A0001FCFD /* M2Cell.m */; };
		24C4515E18D6DC740001FCFD /* M2Grid.m in Sources */ = {isa = PBXBuildFile; fileRef = 24C4515D18D6DC740001FCFD /* M2Grid.m */; };
		24C4516418DABABE0001FCFD /* M2GlobalState.m in Sources */ = {isa = PBXBuildFile; fileRef = 24C4516218DABABE0001FCFD /* M2GlobalState.m */; };
		24C4516818DD64A90001FCFD /* M2GridView.m in Sources */ = {isa = PBXBuildFile; fileRef = 24C4516718DD64A90001FCFD /* M2GridView.m */; };
		24C4517018DFF10B0001FCFD /* M2ScoreView.m in Sources */ = {isa = PBXBuildFile; fileRef = 24C4516F18DFF10B0001FCFD /* M2ScoreView.m */; };
		24C4517318E140AE0001FCFD /* M2SettingsDetailViewController.m in Sources */ = {isa = PBXBuildFile; fileRef = 24C4517218E140AE0001FCFD /* M2SettingsDetailViewController.m */; };
		24C4518118E265390001FCFD /* M2Overlay.m in Sources */ = {isa = PBXBuildFile; fileRef = 24C4518018E265390001FCFD /* M2Overlay.m */; };
/* End PBXBuildFile section */

/* Begin PBXContainerItemProxy section */
		2443DC7F18D662CA00C920C1 /* PBXContainerItemProxy */ = {
			isa = PBXContainerItemProxy;
			containerPortal = 2443DC4A18D662CA00C920C1 /* Project object */;
			proxyType = 1;
			remoteGlobalIDString = 2443DC5118D662CA00C920C1;
			remoteInfo = m2048;
		};
/* End PBXContainerItemProxy section */

/* Begin PBXFileReference section */
		2443DC5218D662CA00C920C1 /* m2048.app */ = {isa = PBXFileReference; explicitFileType = wrapper.application; includeInIndex = 0; path = m2048.app; sourceTree = BUILT_PRODUCTS_DIR; };
		2443DC5518D662CA00C920C1 /* Foundation.framework */ = {isa = PBXFileReference; lastKnownFileType = wrapper.framework; name = Foundation.framework; path = System/Library/Frameworks/Foundation.framework; sourceTree = SDKROOT; };
		2443DC5718D662CA00C920C1 /* CoreGraphics.framework */ = {isa = PBXFileReference; lastKnownFileType = wrapper.framework; name = CoreGraphics.framework; path = System/Library/Frameworks/CoreGraphics.framework; sourceTree = SDKROOT; };
		2443DC5918D662CA00C920C1 /* UIKit.framework */ = {isa = PBXFileReference; lastKnownFileType = wrapper.framework; name = UIKit.framework; path = System/Library/Frameworks/UIKit.framework; sourceTree = SDKROOT; };
		2443DC5B18D662CA00C920C1 /* SpriteKit.framework */ = {isa = PBXFileReference; lastKnownFileType = wrapper.framework; name = SpriteKit.framework; path = System/Library/Frameworks/SpriteKit.framework; sourceTree = SDKROOT; };
		2443DC5F18D662CA00C920C1 /* m2048-Info.plist */ = {isa = PBXFileReference; lastKnownFileType = text.plist.xml; path = "m2048-Info.plist"; sourceTree = "<group>"; };
		2443DC6118D662CA00C920C1 /* en */ = {isa = PBXFileReference; lastKnownFileType = text.plist.strings; name = en; path = en.lproj/InfoPlist.strings; sourceTree = "<group>"; };
		2443DC6318D662CA00C920C1 /* main.m */ = {isa = PBXFileReference; lastKnownFileType = sourcecode.c.objc; path = main.m; sourceTree = "<group>"; };
		2443DC6518D662CA00C920C1 /* m2048-Prefix.pch */ = {isa = PBXFileReference; lastKnownFileType = sourcecode.c.h; path = "m2048-Prefix.pch"; sourceTree = "<group>"; };
		2443DC6618D662CA00C920C1 /* M2AppDelegate.h */ = {isa = PBXFileReference; lastKnownFileType = sourcecode.c.h; path = M2AppDelegate.h; sourceTree = "<group>"; };
		2443DC6718D662CA00C920C1 /* M2AppDelegate.m */ = {isa = PBXFileReference; lastKnownFileType = sourcecode.c.objc; path = M2AppDelegate.m; sourceTree = "<group>"; };
		2443DC6A18D662CA00C920C1 /* Base */ = {isa = PBXFileReference; lastKnownFileType = file.storyboard; name = Base; path = Base.lproj/Main.storyboard; sourceTree = "<group>"; };
		2443DC7418D662CA00C920C1 /* Images.xcassets */ = {isa = PBXFileReference; lastKnownFileType = folder.assetcatalog; path = Images.xcassets; sourceTree = "<group>"; };
		2443DC7A18D662CA00C920C1 /* m2048Tests.xctest */ = {isa = PBXFileReference; explicitFileType = wrapper.cfbundle; includeInIndex = 0; path = m2048Tests.xctest; sourceTree = BUILT_PRODUCTS_DIR; };
		2443DC7B18D662CA00C920C1 /* XCTest.framework */ = {isa = PBXFileReference; lastKnownFileType = wrapper.framework; name = XCTest.framework; path = Library/Frameworks/XCTest.framework; sourceTree = DEVELOPER_DIR; };
		2443DC8318D662CA00C920C1 /* m2048Tests-Info.plist */ = {isa = PBXFileReference; lastKnownFileType = text.plist.xml; path = "m2048Tests-Info.plist"; sourceTree = "<group>"; };
		2443DC8518D662CA00C920C1 /* en */ = {isa = PBXFileReference; lastKnownFileType = text.plist.strings; name = en; path = en.lproj/InfoPlist.strings; sourceTree = "<group>"; };
		2443DC8718D662CA00C920C1 /* m2048Tests.m */ = {isa = PBXFileReference; lastKnownFileType = sourcecode.c.objc; path = m2048Tests.m; sourceTree = "<group>"; };
		2443DC9518D663FC00C920C1 /* M2Scene.h */ = {isa = PBXFileReference; fileEncoding = 4; lastKnownFileType = sourcecode.c.h; path = M2Scene.h; sourceTree = "<group>"; };
		2443DC9618D663FC00C920C1 /* M2Scene.m */ = {isa = PBXFileReference; fileEncoding = 4; lastKnownFileType = sourcecode.c.objc; path = M2Scene.m; sourceTree = "<group>"; };
		2443DC9818D663FC00C920C1 /* M2GameManager.h */ = {isa = PBXFileReference; fileEncoding = 4; lastKnownFileType = sourcecode.c.h; path = M2GameManager.h; sourceTree = "<group>"; };
		2443DC9918D663FC00C920C1 /* M2GameManager.m */ = {isa = PBXFileReference; fileEncoding = 4; lastKnownFileType = sourcecode.c.objc; path = M2GameManager.m; sourceTree = "<group>"; };
		2443DC9E18D6647000C920C1 /* M2SettingsViewController.h */ = {isa = PBXFileReference; fileEncoding = 4; lastKnownFileType = sourcecode.c.h; path = M2SettingsViewController.h; sourceTree = "<group>"; };
		2443DC9F18D6647000C920C1 /* M2SettingsViewController.m */ = {isa = PBXFileReference; fileEncoding = 4; lastKnownFileType = sourcecode.c.objc; path = M2SettingsViewController.m; sourceTree = "<group>"; };
		2443DCA118D6649500C920C1 /* M2Theme.h */ = {isa = PBXFileReference; fileEncoding = 4; lastKnownFileType = sourcecode.c.h; path = M2Theme.h; sourceTree = "<group>"; };
		2443DCA218D6649500C920C1 /* M2Theme.m */ = {isa = PBXFileReference; fileEncoding = 4; lastKnownFileType = sourcecode.c.objc; path = M2Theme.m; sourceTree = "<group>"; };
		2443DCA418D66CCC00C920C1 /* M2ViewController.h */ = {isa = PBXFileReference; fileEncoding = 4; lastKnownFileType = sourcecode.c.h; path = M2ViewController.h; sourceTree = "<group>"; };
		2443DCA518D66CCC00C920C1 /* M2ViewController.m */ = {isa = PBXFileReference; fileEncoding = 4; lastKnownFileType = sourcecode.c.objc; path = M2ViewController.m; sourceTree = "<group>"; };
		2443DCAD18D6C18400C920C1 /* M2Tile.h */ = {isa = PBXFileReference; fileEncoding = 4; lastKnownFileType = sourcecode.c.h; path = M2Tile.h; sourceTree = "<group>"; };
		2443DCAE18D6C18400C920C1 /* M2Tile.m */ = {isa = PBXFileReference; fileEncoding = 4; lastKnownFileType = sourcecode.c.objc; path = M2Tile.m; sourceTree = "<group>"; };
		24C4515918D6DC4A0001FCFD /* M2Cell.h */ = {isa = PBXFileReference; fileEncoding = 4; lastKnownFileType = sourcecode.c.h; path = M2Cell.h; sourceTree = "<group>"; };
		24C4515A18D6DC4A0001FCFD /* M2Cell.m */ = {isa = PBXFileReference; fileEncoding = 4; lastKnownFileType = sourcecode.c.objc; path = M2Cell.m; sourceTree = "<group>"; };
		24C4515C18D6DC740001FCFD /* M2Grid.h */ = {isa = PBXFileReference; fileEncoding = 4; lastKnownFileType = sourcecode.c.h; path = M2Grid.h; sourceTree = "<group>"; };
		24C4515D18D6DC740001FCFD /* M2Grid.m */ = {isa = PBXFileReference; fileEncoding = 4; lastKnownFileType = sourcecode.c.objc; path = M2Grid.m; sourceTree = "<group>"; };
		24C4516118DABABE0001FCFD /* M2GlobalState.h */ = {isa = PBXFileReference; fileEncoding = 4; lastKnownFileType = sourcecode.c.h; path = M2GlobalState.h; sourceTree = "<group>"; };
		24C4516218DABABE0001FCFD /* M2GlobalState.m */ = {isa = PBXFileReference; fileEncoding = 4; lastKnownFileType = sourcecode.c.objc; path = M2GlobalState.m; sourceTree = "<group>"; };
		24C4516318DABABE0001FCFD /* M2Position.h */ = {isa = PBXFileReference; fileEncoding = 4; lastKnownFileType = sourcecode.c.h; path = M2Position.h; sourceTree = "<group>"; };
		24C4516618DD64A90001FCFD /* M2GridView.h */ = {isa = PBXFileReference; fileEncoding = 4; lastKnownFileType = sourcecode.c.h; path = M2GridView.h; sourceTree = "<group>"; };
		24C4516718DD64A90001FCFD /* M2GridView.m */ = {isa = PBXFileReference; fileEncoding = 4; lastKnownFileType = sourcecode.c.objc; path = M2GridView.m; sourceTree = "<group>"; };
		24C4516E18DFF10B0001FCFD /* M2ScoreView.h */ = {isa = PBXFileReference; fileEncoding = 4; lastKnownFileType = sourcecode.c.h; path = M2ScoreView.h; sourceTree = "<group>"; };
		24C4516F18DFF10B0001FCFD /* M2ScoreView.m */ = {isa = PBXFileReference; fileEncoding = 4; lastKnownFileType = sourcecode.c.objc; path = M2ScoreView.m; sourceTree = "<group>"; };
		24C4517118E140AE0001FCFD /* M2SettingsDetailViewController.h */ = {isa = PBXFileReference; fileEncoding = 4; lastKnownFileType = sourcecode.c.h; path = M2SettingsDetailViewController.h; sourceTree = "<group>"; };
		24C4517218E140AE0001FCFD /* M2SettingsDetailViewController.m */ = {isa = PBXFileReference; fileEncoding = 4; lastKnownFileType = sourcecode.c.objc; path = M2SettingsDetailViewController.m; sourceTree = "<group>"; };
		24C4517F18E265390001FCFD /* M2Overlay.h */ = {isa = PBXFileReference; fileEncoding = 4; lastKnownFileType = sourcecode.c.h; path = M2Overlay.h; sourceTree = "<group>"; };
		24C4518018E265390001FCFD /* M2Overlay.m */ = {isa = PBXFileReference; fileEncoding = 4; lastKnownFileType = sourcecode.c.objc; path = M2Overlay.m; sourceTree = "<group>"; };
/* End PBXFileReference section */

/* Begin PBXFrameworksBuildPhase section */
		2443DC4F18D662CA00C920C1 /* Frameworks */ = {
			isa = PBXFrameworksBuildPhase;
			buildActionMask = 2147483647;
			files = (
				2443DC5818D662CA00C920C1 /* CoreGraphics.framework in Frameworks */,
				2443DC5A18D662CA00C920C1 /* UIKit.framework in Frameworks */,
				2443DC5C18D662CA00C920C1 /* SpriteKit.framework in Frameworks */,
				2443DC5618D662CA00C920C1 /* Foundation.framework in Frameworks */,
			);
			runOnlyForDeploymentPostprocessing = 0;
		};
		2443DC7718D662CA00C920C1 /* Frameworks */ = {
			isa = PBXFrameworksBuildPhase;
			buildActionMask = 2147483647;
			files = (
				2443DC7C18D662CA00C920C1 /* XCTest.framework in Frameworks */,
				2443DC7E18D662CA00C920C1 /* UIKit.framework in Frameworks */,
				2443DC7D18D662CA00C920C1 /* Foundation.framework in Frameworks */,
			);
			runOnlyForDeploymentPostprocessing = 0;
		};
/* End PBXFrameworksBuildPhase section */

/* Begin PBXGroup section */
		2443DC4918D662CA00C920C1 = {
			isa = PBXGroup;
			children = (
				2443DC5D18D662CA00C920C1 /* m2048 */,
				2443DC8118D662CA00C920C1 /* m2048Tests */,
				2443DC5418D662CA00C920C1 /* Frameworks */,
				2443DC5318D662CA00C920C1 /* Products */,
			);
			sourceTree = "<group>";
		};
		2443DC5318D662CA00C920C1 /* Products */ = {
			isa = PBXGroup;
			children = (
				2443DC5218D662CA00C920C1 /* m2048.app */,
				2443DC7A18D662CA00C920C1 /* m2048Tests.xctest */,
			);
			name = Products;
			sourceTree = "<group>";
		};
		2443DC5418D662CA00C920C1 /* Frameworks */ = {
			isa = PBXGroup;
			children = (
				2443DC5518D662CA00C920C1 /* Foundation.framework */,
				2443DC5718D662CA00C920C1 /* CoreGraphics.framework */,
				2443DC5918D662CA00C920C1 /* UIKit.framework */,
				2443DC5B18D662CA00C920C1 /* SpriteKit.framework */,
				2443DC7B18D662CA00C920C1 /* XCTest.framework */,
			);
			name = Frameworks;
			sourceTree = "<group>";
		};
		2443DC5D18D662CA00C920C1 /* m2048 */ = {
			isa = PBXGroup;
			children = (
				2443DC6618D662CA00C920C1 /* M2AppDelegate.h */,
				2443DC6718D662CA00C920C1 /* M2AppDelegate.m */,
				2443DC6918D662CA00C920C1 /* Main.storyboard */,
				2443DC9C18D6645800C920C1 /* Appearance */,
				2443DC9D18D6645800C920C1 /* Controller */,
				24C4516018DABABE0001FCFD /* Global */,
				2443DC9418D663FC00C920C1 /* Sprite Kit */,
				2443DC9718D663FC00C920C1 /* State */,
				24C4516518DD64630001FCFD /* View */,
				2443DC5E18D662CA00C920C1 /* Supporting Files */,
				2443DC7418D662CA00C920C1 /* Images.xcassets */,
			);
			path = m2048;
			sourceTree = "<group>";
		};
		2443DC5E18D662CA00C920C1 /* Supporting Files */ = {
			isa = PBXGroup;
			children = (
				2443DC5F18D662CA00C920C1 /* m2048-Info.plist */,
				2443DC6018D662CA00C920C1 /* InfoPlist.strings */,
				2443DC6318D662CA00C920C1 /* main.m */,
				2443DC6518D662CA00C920C1 /* m2048-Prefix.pch */,
			);
			name = "Supporting Files";
			sourceTree = "<group>";
		};
		2443DC8118D662CA00C920C1 /* m2048Tests */ = {
			isa = PBXGroup;
			children = (
				2443DC8718D662CA00C920C1 /* m2048Tests.m */,
				2443DC8218D662CA00C920C1 /* Supporting Files */,
			);
			path = m2048Tests;
			sourceTree = "<group>";
		};
		2443DC8218D662CA00C920C1 /* Supporting Files */ = {
			isa = PBXGroup;
			children = (
				2443DC8318D662CA00C920C1 /* m2048Tests-Info.plist */,
				2443DC8418D662CA00C920C1 /* InfoPlist.strings */,
			);
			name = "Supporting Files";
			sourceTree = "<group>";
		};
		2443DC9418D663FC00C920C1 /* Sprite Kit */ = {
			isa = PBXGroup;
			children = (
				24C4515918D6DC4A0001FCFD /* M2Cell.h */,
				24C4515A18D6DC4A0001FCFD /* M2Cell.m */,
				24C4515C18D6DC740001FCFD /* M2Grid.h */,
				24C4515D18D6DC740001FCFD /* M2Grid.m */,
				2443DC9518D663FC00C920C1 /* M2Scene.h */,
				2443DC9618D663FC00C920C1 /* M2Scene.m */,
				2443DCAD18D6C18400C920C1 /* M2Tile.h */,
				2443DCAE18D6C18400C920C1 /* M2Tile.m */,
			);
			path = "Sprite Kit";
			sourceTree = "<group>";
		};
		2443DC9718D663FC00C920C1 /* State */ = {
			isa = PBXGroup;
			children = (
				2443DC9818D663FC00C920C1 /* M2GameManager.h */,
				2443DC9918D663FC00C920C1 /* M2GameManager.m */,
			);
			path = State;
			sourceTree = "<group>";
		};
		2443DC9C18D6645800C920C1 /* Appearance */ = {
			isa = PBXGroup;
			children = (
				2443DCA118D6649500C920C1 /* M2Theme.h */,
				2443DCA218D6649500C920C1 /* M2Theme.m */,
			);
			path = Appearance;
			sourceTree = "<group>";
		};
		2443DC9D18D6645800C920C1 /* Controller */ = {
			isa = PBXGroup;
			children = (
				2443DCA418D66CCC00C920C1 /* M2ViewController.h */,
				2443DCA518D66CCC00C920C1 /* M2ViewController.m */,
				2443DC9E18D6647000C920C1 /* M2SettingsViewController.h */,
				2443DC9F18D6647000C920C1 /* M2SettingsViewController.m */,
				24C4517118E140AE0001FCFD /* M2SettingsDetailViewController.h */,
				24C4517218E140AE0001FCFD /* M2SettingsDetailViewController.m */,
			);
			path = Controller;
			sourceTree = "<group>";
		};
		24C4516018DABABE0001FCFD /* Global */ = {
			isa = PBXGroup;
			children = (
				24C4516118DABABE0001FCFD /* M2GlobalState.h */,
				24C4516218DABABE0001FCFD /* M2GlobalState.m */,
				24C4516318DABABE0001FCFD /* M2Position.h */,
			);
			path = Global;
			sourceTree = "<group>";
		};
		24C4516518DD64630001FCFD /* View */ = {
			isa = PBXGroup;
			children = (
				24C4516618DD64A90001FCFD /* M2GridView.h */,
				24C4516718DD64A90001FCFD /* M2GridView.m */,
				24C4516E18DFF10B0001FCFD /* M2ScoreView.h */,
				24C4516F18DFF10B0001FCFD /* M2ScoreView.m */,
				24C4517F18E265390001FCFD /* M2Overlay.h */,
				24C4518018E265390001FCFD /* M2Overlay.m */,
			);
			path = View;
			sourceTree = "<group>";
		};
/* End PBXGroup section */

/* Begin PBXNativeTarget section */
		2443DC5118D662CA00C920C1 /* m2048 */ = {
			isa = PBXNativeTarget;
			buildConfigurationList = 2443DC8B18D662CA00C920C1 /* Build configuration list for PBXNativeTarget "m2048" */;
			buildPhases = (
				2443DC4E18D662CA00C920C1 /* Sources */,
				2443DC4F18D662CA00C920C1 /* Frameworks */,
				2443DC5018D662CA00C920C1 /* Resources */,
			);
			buildRules = (
			);
			dependencies = (
			);
			name = m2048;
			productName = m2048;
			productReference = 2443DC5218D662CA00C920C1 /* m2048.app */;
			productType = "com.apple.product-type.application";
		};
		2443DC7918D662CA00C920C1 /* m2048Tests */ = {
			isa = PBXNativeTarget;
			buildConfigurationList = 2443DC8E18D662CA00C920C1 /* Build configuration list for PBXNativeTarget "m2048Tests" */;
			buildPhases = (
				2443DC7618D662CA00C920C1 /* Sources */,
				2443DC7718D662CA00C920C1 /* Frameworks */,
				2443DC7818D662CA00C920C1 /* Resources */,
			);
			buildRules = (
			);
			dependencies = (
				2443DC8018D662CA00C920C1 /* PBXTargetDependency */,
			);
			name = m2048Tests;
			productName = m2048Tests;
			productReference = 2443DC7A18D662CA00C920C1 /* m2048Tests.xctest */;
			productType = "com.apple.product-type.bundle.unit-test";
		};
/* End PBXNativeTarget section */

/* Begin PBXProject section */
		2443DC4A18D662CA00C920C1 /* Project object */ = {
			isa = PBXProject;
			attributes = {
				CLASSPREFIX = M2;
				LastUpgradeCheck = 0510;
				ORGANIZATIONNAME = Danqing;
				TargetAttributes = {
					2443DC5118D662CA00C920C1 = {
						DevelopmentTeam = EWJAR4GTP4;
					};
					2443DC7918D662CA00C920C1 = {
						TestTargetID = 2443DC5118D662CA00C920C1;
					};
				};
			};
			buildConfigurationList = 2443DC4D18D662CA00C920C1 /* Build configuration list for PBXProject "m2048" */;
			compatibilityVersion = "Xcode 3.2";
			developmentRegion = English;
			hasScannedForEncodings = 0;
			knownRegions = (
				en,
				Base,
			);
			mainGroup = 2443DC4918D662CA00C920C1;
			productRefGroup = 2443DC5318D662CA00C920C1 /* Products */;
			projectDirPath = "";
			projectRoot = "";
			targets = (
				2443DC5118D662CA00C920C1 /* m2048 */,
				2443DC7918D662CA00C920C1 /* m2048Tests */,
			);
		};
/* End PBXProject section */

/* Begin PBXResourcesBuildPhase section */
		2443DC5018D662CA00C920C1 /* Resources */ = {
			isa = PBXResourcesBuildPhase;
			buildActionMask = 2147483647;
			files = (
				2443DC6218D662CA00C920C1 /* InfoPlist.strings in Resources */,
				2443DC7518D662CA00C920C1 /* Images.xcassets in Resources */,
				2443DC6B18D662CA00C920C1 /* Main.storyboard in Resources */,
			);
			runOnlyForDeploymentPostprocessing = 0;
		};
		2443DC7818D662CA00C920C1 /* Resources */ = {
			isa = PBXResourcesBuildPhase;
			buildActionMask = 2147483647;
			files = (
				2443DC8618D662CA00C920C1 /* InfoPlist.strings in Resources */,
			);
			runOnlyForDeploymentPostprocessing = 0;
		};
/* End PBXResourcesBuildPhase section */

/* Begin PBXSourcesBuildPhase section */
		2443DC4E18D662CA00C920C1 /* Sources */ = {
			isa = PBXSourcesBuildPhase;
			buildActionMask = 2147483647;
			files = (
				2443DCA618D66CCC00C920C1 /* M2ViewController.m in Sources */,
				2443DC6418D662CA00C920C1 /* main.m in Sources */,
				24C4515B18D6DC4A0001FCFD /* M2Cell.m in Sources */,
				24C4516818DD64A90001FCFD /* M2GridView.m in Sources */,
				2443DC9A18D663FC00C920C1 /* M2Scene.m in Sources */,
				24C4515E18D6DC740001FCFD /* M2Grid.m in Sources */,
				24C4518118E265390001FCFD /* M2Overlay.m in Sources */,
				2443DCAF18D6C18400C920C1 /* M2Tile.m in Sources */,
				2443DCA018D6647000C920C1 /* M2SettingsViewController.m in Sources */,
				24C4517018DFF10B0001FCFD /* M2ScoreView.m in Sources */,
				2443DCA318D6649500C920C1 /* M2Theme.m in Sources */,
				24C4517318E140AE0001FCFD /* M2SettingsDetailViewController.m in Sources */,
				24C4516418DABABE0001FCFD /* M2GlobalState.m in Sources */,
				2443DC6818D662CA00C920C1 /* M2AppDelegate.m in Sources */,
				2443DC9B18D663FC00C920C1 /* M2GameManager.m in Sources */,
			);
			runOnlyForDeploymentPostprocessing = 0;
		};
		2443DC7618D662CA00C920C1 /* Sources */ = {
			isa = PBXSourcesBuildPhase;
			buildActionMask = 2147483647;
			files = (
				2443DC8818D662CA00C920C1 /* m2048Tests.m in Sources */,
			);
			runOnlyForDeploymentPostprocessing = 0;
		};
/* End PBXSourcesBuildPhase section */

/* Begin PBXTargetDependency section */
		2443DC8018D662CA00C920C1 /* PBXTargetDependency */ = {
			isa = PBXTargetDependency;
			target = 2443DC5118D662CA00C920C1 /* m2048 */;
			targetProxy = 2443DC7F18D662CA00C920C1 /* PBXContainerItemProxy */;
		};
/* End PBXTargetDependency section */

/* Begin PBXVariantGroup section */
		2443DC6018D662CA00C920C1 /* InfoPlist.strings */ = {
			isa = PBXVariantGroup;
			children = (
				2443DC6118D662CA00C920C1 /* en */,
			);
			name = InfoPlist.strings;
			sourceTree = "<group>";
		};
		2443DC6918D662CA00C920C1 /* Main.storyboard */ = {
			isa = PBXVariantGroup;
			children = (
				2443DC6A18D662CA00C920C1 /* Base */,
			);
			name = Main.storyboard;
			sourceTree = "<group>";
		};
		2443DC8418D662CA00C920C1 /* InfoPlist.strings */ = {
			isa = PBXVariantGroup;
			children = (
				2443DC8518D662CA00C920C1 /* en */,
			);
			name = InfoPlist.strings;
			sourceTree = "<group>";
		};
/* End PBXVariantGroup section */

/* Begin XCBuildConfiguration section */
		2443DC8918D662CA00C920C1 /* Debug */ = {
			isa = XCBuildConfiguration;
			buildSettings = {
				ALWAYS_SEARCH_USER_PATHS = NO;
				CLANG_CXX_LANGUAGE_STANDARD = "gnu++0x";
				CLANG_CXX_LIBRARY = "libc++";
				CLANG_ENABLE_MODULES = YES;
				CLANG_ENABLE_OBJC_ARC = YES;
				CLANG_WARN_BOOL_CONVERSION = YES;
				CLANG_WARN_CONSTANT_CONVERSION = YES;
				CLANG_WARN_DIRECT_OBJC_ISA_USAGE = YES_ERROR;
				CLANG_WARN_EMPTY_BODY = YES;
				CLANG_WARN_ENUM_CONVERSION = YES;
				CLANG_WARN_INT_CONVERSION = YES;
				CLANG_WARN_OBJC_ROOT_CLASS = YES_ERROR;
				CLANG_WARN__DUPLICATE_METHOD_MATCH = YES;
				"CODE_SIGN_IDENTITY[sdk=iphoneos*]" = "iPhone Developer";
				COPY_PHASE_STRIP = NO;
				GCC_C_LANGUAGE_STANDARD = gnu99;
				GCC_DYNAMIC_NO_PIC = NO;
				GCC_OPTIMIZATION_LEVEL = 0;
				GCC_PREPROCESSOR_DEFINITIONS = (
					"DEBUG=1",
					"$(inherited)",
				);
				GCC_SYMBOLS_PRIVATE_EXTERN = NO;
				GCC_WARN_64_TO_32_BIT_CONVERSION = YES;
				GCC_WARN_ABOUT_RETURN_TYPE = YES_ERROR;
				GCC_WARN_UNDECLARED_SELECTOR = YES;
				GCC_WARN_UNINITIALIZED_AUTOS = YES_AGGRESSIVE;
				GCC_WARN_UNUSED_FUNCTION = YES;
				GCC_WARN_UNUSED_VARIABLE = YES;
				IPHONEOS_DEPLOYMENT_TARGET = 7.1;
				ONLY_ACTIVE_ARCH = YES;
				SDKROOT = iphoneos;
			};
			name = Debug;
		};
		2443DC8A18D662CA00C920C1 /* Release */ = {
			isa = XCBuildConfiguration;
			buildSettings = {
				ALWAYS_SEARCH_USER_PATHS = NO;
				CLANG_CXX_LANGUAGE_STANDARD = "gnu++0x";
				CLANG_CXX_LIBRARY = "libc++";
				CLANG_ENABLE_MODULES = YES;
				CLANG_ENABLE_OBJC_ARC = YES;
				CLANG_WARN_BOOL_CONVERSION = YES;
				CLANG_WARN_CONSTANT_CONVERSION = YES;
				CLANG_WARN_DIRECT_OBJC_ISA_USAGE = YES_ERROR;
				CLANG_WARN_EMPTY_BODY = YES;
				CLANG_WARN_ENUM_CONVERSION = YES;
				CLANG_WARN_INT_CONVERSION = YES;
				CLANG_WARN_OBJC_ROOT_CLASS = YES_ERROR;
				CLANG_WARN__DUPLICATE_METHOD_MATCH = YES;
				"CODE_SIGN_IDENTITY[sdk=iphoneos*]" = "iPhone Developer";
				COPY_PHASE_STRIP = YES;
				ENABLE_NS_ASSERTIONS = NO;
				GCC_C_LANGUAGE_STANDARD = gnu99;
				GCC_WARN_64_TO_32_BIT_CONVERSION = YES;
				GCC_WARN_ABOUT_RETURN_TYPE = YES_ERROR;
				GCC_WARN_UNDECLARED_SELECTOR = YES;
				GCC_WARN_UNINITIALIZED_AUTOS = YES_AGGRESSIVE;
				GCC_WARN_UNUSED_FUNCTION = YES;
				GCC_WARN_UNUSED_VARIABLE = YES;
				IPHONEOS_DEPLOYMENT_TARGET = 7.1;
				SDKROOT = iphoneos;
				VALIDATE_PRODUCT = YES;
			};
			name = Release;
		};
		2443DC8C18D662CA00C920C1 /* Debug */ = {
			isa = XCBuildConfiguration;
			buildSettings = {
				ASSETCATALOG_COMPILER_APPICON_NAME = AppIcon;
				ASSETCATALOG_COMPILER_LAUNCHIMAGE_NAME = LaunchImage;
				CODE_SIGN_IDENTITY = "iPhone Developer";
				GCC_PRECOMPILE_PREFIX_HEADER = YES;
				GCC_PREFIX_HEADER = "m2048/m2048-Prefix.pch";
				INFOPLIST_FILE = "m2048/m2048-Info.plist";
				PRODUCT_NAME = "$(TARGET_NAME)";
				SPRITEKIT_TEXTURE_ATLAS_OUTPUT = YES;
				WRAPPER_EXTENSION = app;
			};
			name = Debug;
		};
		2443DC8D18D662CA00C920C1 /* Release */ = {
			isa = XCBuildConfiguration;
			buildSettings = {
				ASSETCATALOG_COMPILER_APPICON_NAME = AppIcon;
				ASSETCATALOG_COMPILER_LAUNCHIMAGE_NAME = LaunchImage;
				CODE_SIGN_IDENTITY = "iPhone Developer";
				GCC_PRECOMPILE_PREFIX_HEADER = YES;
				GCC_PREFIX_HEADER = "m2048/m2048-Prefix.pch";
				INFOPLIST_FILE = "m2048/m2048-Info.plist";
				PRODUCT_NAME = "$(TARGET_NAME)";
				SPRITEKIT_TEXTURE_ATLAS_OUTPUT = YES;
				WRAPPER_EXTENSION = app;
			};
			name = Release;
		};
		2443DC8F18D662CA00C920C1 /* Debug */ = {
			isa = XCBuildConfiguration;
			buildSettings = {
				BUNDLE_LOADER = "$(BUILT_PRODUCTS_DIR)/m2048.app/m2048";
				FRAMEWORK_SEARCH_PATHS = (
					"$(SDKROOT)/Developer/Library/Frameworks",
					"$(inherited)",
					"$(DEVELOPER_FRAMEWORKS_DIR)",
				);
				GCC_PRECOMPILE_PREFIX_HEADER = YES;
				GCC_PREFIX_HEADER = "m2048/m2048-Prefix.pch";
				GCC_PREPROCESSOR_DEFINITIONS = (
					"DEBUG=1",
					"$(inherited)",
				);
				INFOPLIST_FILE = "m2048Tests/m2048Tests-Info.plist";
				PRODUCT_NAME = "$(TARGET_NAME)";
				TEST_HOST = "$(BUNDLE_LOADER)";
				WRAPPER_EXTENSION = xctest;
			};
			name = Debug;
		};
		2443DC9018D662CA00C920C1 /* Release */ = {
			isa = XCBuildConfiguration;
			buildSettings = {
				BUNDLE_LOADER = "$(BUILT_PRODUCTS_DIR)/m2048.app/m2048";
				FRAMEWORK_SEARCH_PATHS = (
					"$(SDKROOT)/Developer/Library/Frameworks",
					"$(inherited)",
					"$(DEVELOPER_FRAMEWORKS_DIR)",
				);
				GCC_PRECOMPILE_PREFIX_HEADER = YES;
				GCC_PREFIX_HEADER = "m2048/m2048-Prefix.pch";
				INFOPLIST_FILE = "m2048Tests/m2048Tests-Info.plist";
				PRODUCT_NAME = "$(TARGET_NAME)";
				TEST_HOST = "$(BUNDLE_LOADER)";
				WRAPPER_EXTENSION = xctest;
			};
			name = Release;
		};
/* End XCBuildConfiguration section */

/* Begin XCConfigurationList section */
		2443DC4D18D662CA00C920C1 /* Build configuration list for PBXProject "m2048" */ = {
			isa = XCConfigurationList;
			buildConfigurations = (
				2443DC8918D662CA00C920C1 /* Debug */,
				2443DC8A18D662CA00C920C1 /* Release */,
			);
			defaultConfigurationIsVisible = 0;
			defaultConfigurationName = Release;
		};
		2443DC8B18D662CA00C920C1 /* Build configuration list for PBXNativeTarget "m2048" */ = {
			isa = XCConfigurationList;
			buildConfigurations = (
				2443DC8C18D662CA00C920C1 /* Debug */,
				2443DC8D18D662CA00C920C1 /* Release */,
			);
			defaultConfigurationIsVisible = 0;
			defaultConfigurationName = Release;
		};
		2443DC8E18D662CA00C920C1 /* Build configuration list for PBXNativeTarget "m2048Tests" */ = {
			isa = XCConfigurationList;
			buildConfigurations = (
				2443DC8F18D662CA00C920C1 /* Debug */,
				2443DC9018D662CA00C920C1 /* Release */,
			);
			defaultConfigurationIsVisible = 0;
			defaultConfigurationName = Release;
		};
/* End XCConfigurationList section */
	};
	rootObject = 2443DC4A18D662CA00C920C1 /* Project object */;
}
